// !$*UTF8*$!
{
	archiveVersion = 1;
	classes = {
	};
	objectVersion = 52;
	objects = {

/* Begin PBXBuildFile section */
		4F0BFEE125128E3F00ECC4D2 /* Memory.swift in Sources */ = {isa = PBXBuildFile; fileRef = 4F0BFEE025128E3F00ECC4D2 /* Memory.swift */; };
		4F0DA00F251389A600311BD2 /* Split View.swift in Sources */ = {isa = PBXBuildFile; fileRef = 4F0DA00E251389A600311BD2 /* Split View.swift */; };
		4F139C0221A3104100F817A6 /* Script Editing Controller.swift in Sources */ = {isa = PBXBuildFile; fileRef = 4F139C0121A3104100F817A6 /* Script Editing Controller.swift */; };
		4F166ED821B983AD001A8749 /* Parsing.swift in Sources */ = {isa = PBXBuildFile; fileRef = 4F166ED721B983AD001A8749 /* Parsing.swift */; };
		4F166EDA21B983D7001A8749 /* Source Range.swift in Sources */ = {isa = PBXBuildFile; fileRef = 4F166ED921B983D7001A8749 /* Source Range.swift */; };
		4F1B6EE021A1A3D700751511 /* Script.swift in Sources */ = {isa = PBXBuildFile; fileRef = 4F1B6EDF21A1A3D700751511 /* Script.swift */; };
		4F30B52F21A218DC00BDEDCC /* Symbolic Address.swift in Sources */ = {isa = PBXBuildFile; fileRef = 4F30B52E21A218DC00BDEDCC /* Symbolic Address.swift */; };
		4F346B782199DBE700D6D8AD /* Document.swift in Sources */ = {isa = PBXBuildFile; fileRef = 4F346B772199DBE700D6D8AD /* Document.swift */; };
		4F346B7B2199DBE700D6D8AD /* DRAMASimulator.storyboard in Resources */ = {isa = PBXBuildFile; fileRef = 4F346B792199DBE700D6D8AD /* DRAMASimulator.storyboard */; };
		4F346B7D2199DBEA00D6D8AD /* Assets.xcassets in Resources */ = {isa = PBXBuildFile; fileRef = 4F346B7C2199DBEA00D6D8AD /* Assets.xcassets */; };
		4F346B802199DBEA00D6D8AD /* Launch.storyboard in Resources */ = {isa = PBXBuildFile; fileRef = 4F346B7E2199DBEA00D6D8AD /* Launch.storyboard */; };
		4F35A3CE21A0D6EA00A4610D /* Command Word.swift in Sources */ = {isa = PBXBuildFile; fileRef = 4F35A3CD21A0D6EA00A4610D /* Command Word.swift */; };
		4F3E7910219A2221008E3E9B /* Addressing Mode.swift in Sources */ = {isa = PBXBuildFile; fileRef = 4F3E790F219A2221008E3E9B /* Addressing Mode.swift */; };
		4F3E7914219A2324008E3E9B /* Value Operand.swift in Sources */ = {isa = PBXBuildFile; fileRef = 4F3E7913219A2324008E3E9B /* Value Operand.swift */; };
		4F3E7916219A25B7008E3E9B /* Condition.swift in Sources */ = {isa = PBXBuildFile; fileRef = 4F3E7915219A25B7008E3E9B /* Condition.swift */; };
		4F44C7F2219A4426003798AF /* Machine.swift in Sources */ = {isa = PBXBuildFile; fileRef = 4F44C7F1219A4426003798AF /* Machine.swift */; };
		4F44C7F4219A4BBE003798AF /* Machine Word.swift in Sources */ = {isa = PBXBuildFile; fileRef = 4F44C7F3219A4BBE003798AF /* Machine Word.swift */; };
		4F44C7F6219A4C40003798AF /* Address Word.swift in Sources */ = {isa = PBXBuildFile; fileRef = 4F44C7F5219A4C40003798AF /* Address Word.swift */; };
		4F4FA73D21A5AB5C00C1D2C7 /* Stack Command.swift in Sources */ = {isa = PBXBuildFile; fileRef = 4F4FA73C21A5AB5C00C1D2C7 /* Stack Command.swift */; };
		4F4FA73F21A5AD6800C1D2C7 /* Print Command.swift in Sources */ = {isa = PBXBuildFile; fileRef = 4F4FA73E21A5AD6800C1D2C7 /* Print Command.swift */; };
		4F63EC6521B3057800F00E9B /* Subroutine Jump Command.swift in Sources */ = {isa = PBXBuildFile; fileRef = 4F63EC6421B3057800F00E9B /* Subroutine Jump Command.swift */; };
		4F63EC6721B3058000F00E9B /* Subroutine Return Command.swift in Sources */ = {isa = PBXBuildFile; fileRef = 4F63EC6621B3058000F00E9B /* Subroutine Return Command.swift */; };
		4F6BAE5121B6CDAD00A952BB /* Nullary Command Statement.swift in Sources */ = {isa = PBXBuildFile; fileRef = 4F6BAE5021B6CDAD00A952BB /* Nullary Command Statement.swift */; };
		4F6BAE5321B6CDBA00A952BB /* Address Command Statement.swift in Sources */ = {isa = PBXBuildFile; fileRef = 4F6BAE5221B6CDBA00A952BB /* Address Command Statement.swift */; };
		4F6BAE5521B6CDC900A952BB /* Register Command Statement.swift in Sources */ = {isa = PBXBuildFile; fileRef = 4F6BAE5421B6CDC900A952BB /* Register Command Statement.swift */; };
		4F6BAE5921B6CE1700A952BB /* Array Statement.swift in Sources */ = {isa = PBXBuildFile; fileRef = 4F6BAE5821B6CE1700A952BB /* Array Statement.swift */; };
		4F6BAE5B21B6CE2C00A952BB /* Label Lexical Unit.swift in Sources */ = {isa = PBXBuildFile; fileRef = 4F6BAE5A21B6CE2C00A952BB /* Label Lexical Unit.swift */; };
		4F6BAE5D21B6CE3600A952BB /* Comment Lexical Unit.swift in Sources */ = {isa = PBXBuildFile; fileRef = 4F6BAE5C21B6CE3600A952BB /* Comment Lexical Unit.swift */; };
		4F6BAE5F21B6CE4000A952BB /* Partial Lexical Unit.swift in Sources */ = {isa = PBXBuildFile; fileRef = 4F6BAE5E21B6CE4000A952BB /* Partial Lexical Unit.swift */; };
		4F6BAE6121B6CEDD00A952BB /* Command Statement.swift in Sources */ = {isa = PBXBuildFile; fileRef = 4F6BAE6021B6CEDD00A952BB /* Command Statement.swift */; };
		4F6BAE6321B6D69500A952BB /* Statement.swift in Sources */ = {isa = PBXBuildFile; fileRef = 4F6BAE6221B6D69500A952BB /* Statement.swift */; };
		4F820F30219B06AB004EE2C9 /* Command.swift in Sources */ = {isa = PBXBuildFile; fileRef = 4F820F2F219B06AB004EE2C9 /* Command.swift */; };
		4F820F35219B1CD6004EE2C9 /* Instruction.swift in Sources */ = {isa = PBXBuildFile; fileRef = 4F3E790B219A1FBE008E3E9B /* Instruction.swift */; };
		4F85A2E921A9C42E0061E505 /* Source Error.swift in Sources */ = {isa = PBXBuildFile; fileRef = 4F85A2E821A9C42E0061E505 /* Source Error.swift */; };
		4F8D1B2C251260A8002E2BE9 /* DepthKit in Frameworks */ = {isa = PBXBuildFile; productRef = 4F8D1B2B251260A8002E2BE9 /* DepthKit */; };
		4F8D1B2F251260B3002E2BE9 /* Application.swift in Sources */ = {isa = PBXBuildFile; fileRef = 4F8D1B2E251260B3002E2BE9 /* Application.swift */; };
		4F8D1B3925126700002E2BE9 /* Script Editor.swift in Sources */ = {isa = PBXBuildFile; fileRef = 4F8D1B3825126700002E2BE9 /* Script Editor.swift */; };
		4F8D1B402512715F002E2BE9 /* Document View.swift in Sources */ = {isa = PBXBuildFile; fileRef = 4F8D1B3F2512715F002E2BE9 /* Document View.swift */; };
		4F8D1B4525127CD0002E2BE9 /* Machine View.swift in Sources */ = {isa = PBXBuildFile; fileRef = 4F8D1B4425127CD0002E2BE9 /* Machine View.swift */; };
		4F960D4A2513D4800097B863 /* TODO.swift in Sources */ = {isa = PBXBuildFile; fileRef = 4F960D492513D4800097B863 /* TODO.swift */; };
		4FA523DD21B423DD00BE1FF2 /* Directive.swift in Sources */ = {isa = PBXBuildFile; fileRef = 4FA523DC21B423DD00BE1FF2 /* Directive.swift */; };
		4FA523DF21B4263800BE1FF2 /* Macro.swift in Sources */ = {isa = PBXBuildFile; fileRef = 4FA523DE21B4263800BE1FF2 /* Macro.swift */; };
		4FA523E321B4278E00BE1FF2 /* Output Directive.swift in Sources */ = {isa = PBXBuildFile; fileRef = 4FA523E221B4278E00BE1FF2 /* Output Directive.swift */; };
		4FA523E521B4279700BE1FF2 /* Fail Directive.swift in Sources */ = {isa = PBXBuildFile; fileRef = 4FA523E421B4279700BE1FF2 /* Fail Directive.swift */; };
		4FA523E721B427B000BE1FF2 /* Preprocessor.swift in Sources */ = {isa = PBXBuildFile; fileRef = 4FA523E621B427B000BE1FF2 /* Preprocessor.swift */; };
		4FA523E921B4298200BE1FF2 /* Assignment Directive.swift in Sources */ = {isa = PBXBuildFile; fileRef = 4FA523E821B4298200BE1FF2 /* Assignment Directive.swift */; };
		4FA523EB21B4299800BE1FF2 /* Invocation Directive.swift in Sources */ = {isa = PBXBuildFile; fileRef = 4FA523EA21B4299800BE1FF2 /* Invocation Directive.swift */; };
		4FA523ED21B429A600BE1FF2 /* Null Directive.swift in Sources */ = {isa = PBXBuildFile; fileRef = 4FA523EC21B429A600BE1FF2 /* Null Directive.swift */; };
		4FA523EF21B429B700BE1FF2 /* Jump Directive.swift in Sources */ = {isa = PBXBuildFile; fileRef = 4FA523EE21B429B700BE1FF2 /* Jump Directive.swift */; };
		4FA523F121B42CF200BE1FF2 /* Comparison Directive.swift in Sources */ = {isa = PBXBuildFile; fileRef = 4FA523F021B42CF200BE1FF2 /* Comparison Directive.swift */; };
		4FA5A4E721AB210000799084 /* Timeline.swift in Sources */ = {isa = PBXBuildFile; fileRef = 4FA5A4E621AB210000799084 /* Timeline.swift */; };
		4FA7EB9821A0493C00C52F98 /* Word.swift in Sources */ = {isa = PBXBuildFile; fileRef = 4FA7EB9721A0493C00C52F98 /* Word.swift */; };
		4FA7EB9A21A0682100C52F98 /* Jump Command.swift in Sources */ = {isa = PBXBuildFile; fileRef = 4FA7EB9921A0682100C52F98 /* Jump Command.swift */; };
		4FA7EB9C21A0691800C52F98 /* Conditional Jump Command.swift in Sources */ = {isa = PBXBuildFile; fileRef = 4FA7EB9B21A0691800C52F98 /* Conditional Jump Command.swift */; };
		4FA7EBA021A06B0D00C52F98 /* Halt Command.swift in Sources */ = {isa = PBXBuildFile; fileRef = 4FA7EB9F21A06B0D00C52F98 /* Halt Command.swift */; };
		4FA7EBA221A06B8400C52F98 /* Compare Command.swift in Sources */ = {isa = PBXBuildFile; fileRef = 4FA7EBA121A06B8400C52F98 /* Compare Command.swift */; };
		4FA7EBA421A06C4C00C52F98 /* Condition State.swift in Sources */ = {isa = PBXBuildFile; fileRef = 4FA7EBA321A06C4C00C52F98 /* Condition State.swift */; };
		4FA7EBA821A0895E00C52F98 /* Program.swift in Sources */ = {isa = PBXBuildFile; fileRef = 4FA7EBA721A0895E00C52F98 /* Program.swift */; };
		4FA7EBAA21A0A55800C52F98 /* Read Command.swift in Sources */ = {isa = PBXBuildFile; fileRef = 4FA7EBA921A0A55800C52F98 /* Read Command.swift */; };
		4FEEF00621B03FFC00F6CDC2 /* Lexical Unit.swift in Sources */ = {isa = PBXBuildFile; fileRef = 4FEEF00521B03FFC00F6CDC2 /* Lexical Unit.swift */; };
		4FFD1A5F21BEA27E00D51B49 /* Macro Expansion.swift in Sources */ = {isa = PBXBuildFile; fileRef = 4FFD1A5E21BEA27E00D51B49 /* Macro Expansion.swift */; };
		4FFEB7D4219C6C480049D0A5 /* Nullary Command.swift in Sources */ = {isa = PBXBuildFile; fileRef = 4FFEB7D3219C6C480049D0A5 /* Nullary Command.swift */; };
		4FFEB7D6219C6ED50049D0A5 /* Unary Register Command.swift in Sources */ = {isa = PBXBuildFile; fileRef = 4FFEB7D5219C6ED50049D0A5 /* Unary Register Command.swift */; };
		4FFEB7D8219C6EDD0049D0A5 /* Binary Register Command.swift in Sources */ = {isa = PBXBuildFile; fileRef = 4FFEB7D7219C6EDD0049D0A5 /* Binary Register Command.swift */; };
		4FFEB7DA219C6EE90049D0A5 /* Address Command.swift in Sources */ = {isa = PBXBuildFile; fileRef = 4FFEB7D9219C6EE90049D0A5 /* Address Command.swift */; };
		4FFEB7DC219C6EF90049D0A5 /* Register Address Command.swift in Sources */ = {isa = PBXBuildFile; fileRef = 4FFEB7DB219C6EF90049D0A5 /* Register Address Command.swift */; };
		4FFEB7DE219C6F060049D0A5 /* Condition Address Command.swift in Sources */ = {isa = PBXBuildFile; fileRef = 4FFEB7DD219C6F060049D0A5 /* Condition Address Command.swift */; };
		4FFEB7DF219C72D50049D0A5 /* Load Command.swift in Sources */ = {isa = PBXBuildFile; fileRef = 4F820F33219B1614004EE2C9 /* Load Command.swift */; };
		4FFEB7E1219C73650049D0A5 /* Register.swift in Sources */ = {isa = PBXBuildFile; fileRef = 4FFEB7E0219C73650049D0A5 /* Register.swift */; };
		4FFEB7E3219C75140049D0A5 /* Store Command.swift in Sources */ = {isa = PBXBuildFile; fileRef = 4FFEB7E2219C75140049D0A5 /* Store Command.swift */; };
		4FFEB7E5219C75DB0049D0A5 /* Arithmetic Command.swift in Sources */ = {isa = PBXBuildFile; fileRef = 4FFEB7E4219C75DB0049D0A5 /* Arithmetic Command.swift */; };
/* End PBXBuildFile section */

/* Begin PBXFileReference section */
		4F0BFEE025128E3F00ECC4D2 /* Memory.swift */ = {isa = PBXFileReference; lastKnownFileType = sourcecode.swift; path = Memory.swift; sourceTree = "<group>"; };
		4F0DA00E251389A600311BD2 /* Split View.swift */ = {isa = PBXFileReference; lastKnownFileType = sourcecode.swift; path = "Split View.swift"; sourceTree = "<group>"; };
		4F139C0121A3104100F817A6 /* Script Editing Controller.swift */ = {isa = PBXFileReference; lastKnownFileType = sourcecode.swift; path = "Script Editing Controller.swift"; sourceTree = "<group>"; };
		4F166ED721B983AD001A8749 /* Parsing.swift */ = {isa = PBXFileReference; lastKnownFileType = sourcecode.swift; path = Parsing.swift; sourceTree = "<group>"; };
		4F166ED921B983D7001A8749 /* Source Range.swift */ = {isa = PBXFileReference; lastKnownFileType = sourcecode.swift; path = "Source Range.swift"; sourceTree = "<group>"; };
		4F1B6EDF21A1A3D700751511 /* Script.swift */ = {isa = PBXFileReference; lastKnownFileType = sourcecode.swift; path = Script.swift; sourceTree = "<group>"; };
		4F30B52E21A218DC00BDEDCC /* Symbolic Address.swift */ = {isa = PBXFileReference; lastKnownFileType = sourcecode.swift; path = "Symbolic Address.swift"; sourceTree = "<group>"; };
		4F346B6E2199DBE700D6D8AD /* DRAMA.app */ = {isa = PBXFileReference; explicitFileType = wrapper.application; includeInIndex = 0; path = DRAMA.app; sourceTree = BUILT_PRODUCTS_DIR; };
		4F346B772199DBE700D6D8AD /* Document.swift */ = {isa = PBXFileReference; lastKnownFileType = sourcecode.swift; path = Document.swift; sourceTree = "<group>"; };
		4F346B7A2199DBE700D6D8AD /* Base */ = {isa = PBXFileReference; lastKnownFileType = file.storyboard; name = Base; path = Base.lproj/DRAMASimulator.storyboard; sourceTree = "<group>"; };
		4F346B7C2199DBEA00D6D8AD /* Assets.xcassets */ = {isa = PBXFileReference; lastKnownFileType = folder.assetcatalog; path = Assets.xcassets; sourceTree = "<group>"; };
		4F346B7F2199DBEA00D6D8AD /* Base */ = {isa = PBXFileReference; lastKnownFileType = file.storyboard; name = Base; path = Base.lproj/Launch.storyboard; sourceTree = "<group>"; };
		4F346B812199DBEA00D6D8AD /* DRAMASimulator.plist */ = {isa = PBXFileReference; lastKnownFileType = text.plist.xml; path = DRAMASimulator.plist; sourceTree = "<group>"; };
		4F35A3CD21A0D6EA00A4610D /* Command Word.swift */ = {isa = PBXFileReference; lastKnownFileType = sourcecode.swift; path = "Command Word.swift"; sourceTree = "<group>"; };
		4F3E790B219A1FBE008E3E9B /* Instruction.swift */ = {isa = PBXFileReference; lastKnownFileType = sourcecode.swift; path = Instruction.swift; sourceTree = "<group>"; };
		4F3E790F219A2221008E3E9B /* Addressing Mode.swift */ = {isa = PBXFileReference; lastKnownFileType = sourcecode.swift; path = "Addressing Mode.swift"; sourceTree = "<group>"; };
		4F3E7913219A2324008E3E9B /* Value Operand.swift */ = {isa = PBXFileReference; lastKnownFileType = sourcecode.swift; path = "Value Operand.swift"; sourceTree = "<group>"; };
		4F3E7915219A25B7008E3E9B /* Condition.swift */ = {isa = PBXFileReference; lastKnownFileType = sourcecode.swift; path = Condition.swift; sourceTree = "<group>"; };
		4F44C7F1219A4426003798AF /* Machine.swift */ = {isa = PBXFileReference; lastKnownFileType = sourcecode.swift; path = Machine.swift; sourceTree = "<group>"; };
		4F44C7F3219A4BBE003798AF /* Machine Word.swift */ = {isa = PBXFileReference; lastKnownFileType = sourcecode.swift; path = "Machine Word.swift"; sourceTree = "<group>"; };
		4F44C7F5219A4C40003798AF /* Address Word.swift */ = {isa = PBXFileReference; lastKnownFileType = sourcecode.swift; path = "Address Word.swift"; sourceTree = "<group>"; };
		4F4E40EE252611AA0017F0E2 /* DRAMASimulator.entitlements */ = {isa = PBXFileReference; lastKnownFileType = text.plist.entitlements; path = DRAMASimulator.entitlements; sourceTree = "<group>"; };
		4F4FA73C21A5AB5C00C1D2C7 /* Stack Command.swift */ = {isa = PBXFileReference; lastKnownFileType = sourcecode.swift; path = "Stack Command.swift"; sourceTree = "<group>"; };
		4F4FA73E21A5AD6800C1D2C7 /* Print Command.swift */ = {isa = PBXFileReference; lastKnownFileType = sourcecode.swift; path = "Print Command.swift"; sourceTree = "<group>"; };
		4F63EC6421B3057800F00E9B /* Subroutine Jump Command.swift */ = {isa = PBXFileReference; lastKnownFileType = sourcecode.swift; path = "Subroutine Jump Command.swift"; sourceTree = "<group>"; };
		4F63EC6621B3058000F00E9B /* Subroutine Return Command.swift */ = {isa = PBXFileReference; lastKnownFileType = sourcecode.swift; path = "Subroutine Return Command.swift"; sourceTree = "<group>"; };
		4F6BAE5021B6CDAD00A952BB /* Nullary Command Statement.swift */ = {isa = PBXFileReference; lastKnownFileType = sourcecode.swift; path = "Nullary Command Statement.swift"; sourceTree = "<group>"; };
		4F6BAE5221B6CDBA00A952BB /* Address Command Statement.swift */ = {isa = PBXFileReference; lastKnownFileType = sourcecode.swift; path = "Address Command Statement.swift"; sourceTree = "<group>"; };
		4F6BAE5421B6CDC900A952BB /* Register Command Statement.swift */ = {isa = PBXFileReference; lastKnownFileType = sourcecode.swift; path = "Register Command Statement.swift"; sourceTree = "<group>"; };
		4F6BAE5821B6CE1700A952BB /* Array Statement.swift */ = {isa = PBXFileReference; lastKnownFileType = sourcecode.swift; path = "Array Statement.swift"; sourceTree = "<group>"; };
		4F6BAE5A21B6CE2C00A952BB /* Label Lexical Unit.swift */ = {isa = PBXFileReference; lastKnownFileType = sourcecode.swift; path = "Label Lexical Unit.swift"; sourceTree = "<group>"; };
		4F6BAE5C21B6CE3600A952BB /* Comment Lexical Unit.swift */ = {isa = PBXFileReference; lastKnownFileType = sourcecode.swift; path = "Comment Lexical Unit.swift"; sourceTree = "<group>"; };
		4F6BAE5E21B6CE4000A952BB /* Partial Lexical Unit.swift */ = {isa = PBXFileReference; lastKnownFileType = sourcecode.swift; path = "Partial Lexical Unit.swift"; sourceTree = "<group>"; };
		4F6BAE6021B6CEDD00A952BB /* Command Statement.swift */ = {isa = PBXFileReference; lastKnownFileType = sourcecode.swift; path = "Command Statement.swift"; sourceTree = "<group>"; };
		4F6BAE6221B6D69500A952BB /* Statement.swift */ = {isa = PBXFileReference; lastKnownFileType = sourcecode.swift; path = Statement.swift; sourceTree = "<group>"; };
		4F820F2F219B06AB004EE2C9 /* Command.swift */ = {isa = PBXFileReference; fileEncoding = 4; lastKnownFileType = sourcecode.swift; path = Command.swift; sourceTree = "<group>"; };
		4F820F33219B1614004EE2C9 /* Load Command.swift */ = {isa = PBXFileReference; lastKnownFileType = sourcecode.swift; path = "Load Command.swift"; sourceTree = "<group>"; };
		4F85A2E821A9C42E0061E505 /* Source Error.swift */ = {isa = PBXFileReference; lastKnownFileType = sourcecode.swift; path = "Source Error.swift"; sourceTree = "<group>"; };
		4F8D1B2E251260B3002E2BE9 /* Application.swift */ = {isa = PBXFileReference; lastKnownFileType = sourcecode.swift; path = Application.swift; sourceTree = "<group>"; };
		4F8D1B3825126700002E2BE9 /* Script Editor.swift */ = {isa = PBXFileReference; lastKnownFileType = sourcecode.swift; path = "Script Editor.swift"; sourceTree = "<group>"; };
		4F8D1B3F2512715F002E2BE9 /* Document View.swift */ = {isa = PBXFileReference; lastKnownFileType = sourcecode.swift; path = "Document View.swift"; sourceTree = "<group>"; };
		4F8D1B4425127CD0002E2BE9 /* Machine View.swift */ = {isa = PBXFileReference; lastKnownFileType = sourcecode.swift; path = "Machine View.swift"; sourceTree = "<group>"; };
		4F960D492513D4800097B863 /* TODO.swift */ = {isa = PBXFileReference; lastKnownFileType = sourcecode.swift; path = TODO.swift; sourceTree = "<group>"; };
		4FA523DC21B423DD00BE1FF2 /* Directive.swift */ = {isa = PBXFileReference; lastKnownFileType = sourcecode.swift; path = Directive.swift; sourceTree = "<group>"; };
		4FA523DE21B4263800BE1FF2 /* Macro.swift */ = {isa = PBXFileReference; lastKnownFileType = sourcecode.swift; path = Macro.swift; sourceTree = "<group>"; };
		4FA523E221B4278E00BE1FF2 /* Output Directive.swift */ = {isa = PBXFileReference; lastKnownFileType = sourcecode.swift; path = "Output Directive.swift"; sourceTree = "<group>"; };
		4FA523E421B4279700BE1FF2 /* Fail Directive.swift */ = {isa = PBXFileReference; lastKnownFileType = sourcecode.swift; path = "Fail Directive.swift"; sourceTree = "<group>"; };
		4FA523E621B427B000BE1FF2 /* Preprocessor.swift */ = {isa = PBXFileReference; lastKnownFileType = sourcecode.swift; path = Preprocessor.swift; sourceTree = "<group>"; };
		4FA523E821B4298200BE1FF2 /* Assignment Directive.swift */ = {isa = PBXFileReference; lastKnownFileType = sourcecode.swift; path = "Assignment Directive.swift"; sourceTree = "<group>"; };
		4FA523EA21B4299800BE1FF2 /* Invocation Directive.swift */ = {isa = PBXFileReference; lastKnownFileType = sourcecode.swift; path = "Invocation Directive.swift"; sourceTree = "<group>"; };
		4FA523EC21B429A600BE1FF2 /* Null Directive.swift */ = {isa = PBXFileReference; lastKnownFileType = sourcecode.swift; path = "Null Directive.swift"; sourceTree = "<group>"; };
		4FA523EE21B429B700BE1FF2 /* Jump Directive.swift */ = {isa = PBXFileReference; lastKnownFileType = sourcecode.swift; path = "Jump Directive.swift"; sourceTree = "<group>"; };
		4FA523F021B42CF200BE1FF2 /* Comparison Directive.swift */ = {isa = PBXFileReference; lastKnownFileType = sourcecode.swift; path = "Comparison Directive.swift"; sourceTree = "<group>"; };
		4FA5A4E621AB210000799084 /* Timeline.swift */ = {isa = PBXFileReference; lastKnownFileType = sourcecode.swift; path = Timeline.swift; sourceTree = "<group>"; };
		4FA7EB9721A0493C00C52F98 /* Word.swift */ = {isa = PBXFileReference; lastKnownFileType = sourcecode.swift; path = Word.swift; sourceTree = "<group>"; };
		4FA7EB9921A0682100C52F98 /* Jump Command.swift */ = {isa = PBXFileReference; lastKnownFileType = sourcecode.swift; path = "Jump Command.swift"; sourceTree = "<group>"; };
		4FA7EB9B21A0691800C52F98 /* Conditional Jump Command.swift */ = {isa = PBXFileReference; lastKnownFileType = sourcecode.swift; path = "Conditional Jump Command.swift"; sourceTree = "<group>"; };
		4FA7EB9F21A06B0D00C52F98 /* Halt Command.swift */ = {isa = PBXFileReference; lastKnownFileType = sourcecode.swift; path = "Halt Command.swift"; sourceTree = "<group>"; };
		4FA7EBA121A06B8400C52F98 /* Compare Command.swift */ = {isa = PBXFileReference; lastKnownFileType = sourcecode.swift; path = "Compare Command.swift"; sourceTree = "<group>"; };
		4FA7EBA321A06C4C00C52F98 /* Condition State.swift */ = {isa = PBXFileReference; lastKnownFileType = sourcecode.swift; path = "Condition State.swift"; sourceTree = "<group>"; };
		4FA7EBA721A0895E00C52F98 /* Program.swift */ = {isa = PBXFileReference; lastKnownFileType = sourcecode.swift; path = Program.swift; sourceTree = "<group>"; };
		4FA7EBA921A0A55800C52F98 /* Read Command.swift */ = {isa = PBXFileReference; lastKnownFileType = sourcecode.swift; path = "Read Command.swift"; sourceTree = "<group>"; };
		4FEEF00521B03FFC00F6CDC2 /* Lexical Unit.swift */ = {isa = PBXFileReference; lastKnownFileType = sourcecode.swift; path = "Lexical Unit.swift"; sourceTree = "<group>"; };
		4FFD1A5E21BEA27E00D51B49 /* Macro Expansion.swift */ = {isa = PBXFileReference; lastKnownFileType = sourcecode.swift; path = "Macro Expansion.swift"; sourceTree = "<group>"; };
		4FFEB7D3219C6C480049D0A5 /* Nullary Command.swift */ = {isa = PBXFileReference; lastKnownFileType = sourcecode.swift; path = "Nullary Command.swift"; sourceTree = "<group>"; };
		4FFEB7D5219C6ED50049D0A5 /* Unary Register Command.swift */ = {isa = PBXFileReference; lastKnownFileType = sourcecode.swift; path = "Unary Register Command.swift"; sourceTree = "<group>"; };
		4FFEB7D7219C6EDD0049D0A5 /* Binary Register Command.swift */ = {isa = PBXFileReference; lastKnownFileType = sourcecode.swift; path = "Binary Register Command.swift"; sourceTree = "<group>"; };
		4FFEB7D9219C6EE90049D0A5 /* Address Command.swift */ = {isa = PBXFileReference; lastKnownFileType = sourcecode.swift; path = "Address Command.swift"; sourceTree = "<group>"; };
		4FFEB7DB219C6EF90049D0A5 /* Register Address Command.swift */ = {isa = PBXFileReference; lastKnownFileType = sourcecode.swift; path = "Register Address Command.swift"; sourceTree = "<group>"; };
		4FFEB7DD219C6F060049D0A5 /* Condition Address Command.swift */ = {isa = PBXFileReference; lastKnownFileType = sourcecode.swift; path = "Condition Address Command.swift"; sourceTree = "<group>"; };
		4FFEB7E0219C73650049D0A5 /* Register.swift */ = {isa = PBXFileReference; lastKnownFileType = sourcecode.swift; path = Register.swift; sourceTree = "<group>"; };
		4FFEB7E2219C75140049D0A5 /* Store Command.swift */ = {isa = PBXFileReference; lastKnownFileType = sourcecode.swift; path = "Store Command.swift"; sourceTree = "<group>"; };
		4FFEB7E4219C75DB0049D0A5 /* Arithmetic Command.swift */ = {isa = PBXFileReference; lastKnownFileType = sourcecode.swift; path = "Arithmetic Command.swift"; sourceTree = "<group>"; };
/* End PBXFileReference section */

/* Begin PBXFrameworksBuildPhase section */
		4F346B6B2199DBE700D6D8AD /* Frameworks */ = {
			isa = PBXFrameworksBuildPhase;
			buildActionMask = 2147483647;
			files = (
				4F8D1B2C251260A8002E2BE9 /* DepthKit in Frameworks */,
			);
			runOnlyForDeploymentPostprocessing = 0;
		};
/* End PBXFrameworksBuildPhase section */

/* Begin PBXGroup section */
		4F0BFEDF25128E1D00ECC4D2 /* Machine */ = {
			isa = PBXGroup;
			children = (
				4F44C7F1219A4426003798AF /* Machine.swift */,
				4F0BFEE025128E3F00ECC4D2 /* Memory.swift */,
			);
			path = Machine;
			sourceTree = "<group>";
		};
		4F0DA00D2513899300311BD2 /* Utility Views */ = {
			isa = PBXGroup;
			children = (
				4F0DA00E251389A600311BD2 /* Split View.swift */,
			);
			path = "Utility Views";
			sourceTree = "<group>";
		};
		4F346B652199DBE700D6D8AD = {
			isa = PBXGroup;
			children = (
				4F3E790A219A1FA4008E3E9B /* Model */,
				4F3E7909219A1B46008E3E9B /* View */,
				4F346B702199DBE700D6D8AD /* Support */,
				4F346B6F2199DBE700D6D8AD /* Products */,
			);
			sourceTree = "<group>";
		};
		4F346B6F2199DBE700D6D8AD /* Products */ = {
			isa = PBXGroup;
			children = (
				4F346B6E2199DBE700D6D8AD /* DRAMA.app */,
			);
			name = Products;
			sourceTree = "<group>";
		};
		4F346B702199DBE700D6D8AD /* Support */ = {
			isa = PBXGroup;
			children = (
				4F346B812199DBEA00D6D8AD /* DRAMASimulator.plist */,
				4F4E40EE252611AA0017F0E2 /* DRAMASimulator.entitlements */,
				4F346B7C2199DBEA00D6D8AD /* Assets.xcassets */,
				4F346B7E2199DBEA00D6D8AD /* Launch.storyboard */,
				4F960D492513D4800097B863 /* TODO.swift */,
			);
			path = Support;
			sourceTree = "<group>";
		};
		4F35A3C921A0D39A00A4610D /* Word */ = {
			isa = PBXGroup;
			children = (
				4FA7EB9721A0493C00C52F98 /* Word.swift */,
				4F44C7F3219A4BBE003798AF /* Machine Word.swift */,
				4F35A3CD21A0D6EA00A4610D /* Command Word.swift */,
				4F44C7F5219A4C40003798AF /* Address Word.swift */,
			);
			path = Word;
			sourceTree = "<group>";
		};
		4F3E7909219A1B46008E3E9B /* View */ = {
			isa = PBXGroup;
			children = (
				4F8D1B2E251260B3002E2BE9 /* Application.swift */,
				4F8D1B3F2512715F002E2BE9 /* Document View.swift */,
				4F8D1B4425127CD0002E2BE9 /* Machine View.swift */,
				4F8D1B3D2512714D002E2BE9 /* Script Editor */,
				4F0DA00D2513899300311BD2 /* Utility Views */,
				4F346B792199DBE700D6D8AD /* DRAMASimulator.storyboard */,
			);
			path = View;
			sourceTree = "<group>";
		};
		4F3E790A219A1FA4008E3E9B /* Model */ = {
			isa = PBXGroup;
			children = (
				4F346B772199DBE700D6D8AD /* Document.swift */,
				4FA5A4E621AB210000799084 /* Timeline.swift */,
				4FA523DB21B423C900BE1FF2 /* Preprocessor */,
				4FD8ADB421A1B1FD001AD860 /* Script */,
				4F6BAE4F21B6CD9200A952BB /* Lexical Unit & Statement */,
				4F820F2E219AFF71004EE2C9 /* Command */,
				4F0BFEDF25128E1D00ECC4D2 /* Machine */,
				4FFEB7E0219C73650049D0A5 /* Register.swift */,
				4F35A3C921A0D39A00A4610D /* Word */,
				4F3E790B219A1FBE008E3E9B /* Instruction.swift */,
				4F3E790F219A2221008E3E9B /* Addressing Mode.swift */,
				4F3E7913219A2324008E3E9B /* Value Operand.swift */,
				4F3E7915219A25B7008E3E9B /* Condition.swift */,
				4FA7EBA321A06C4C00C52F98 /* Condition State.swift */,
			);
			path = Model;
			sourceTree = "<group>";
		};
		4F6BAE4F21B6CD9200A952BB /* Lexical Unit & Statement */ = {
			isa = PBXGroup;
			children = (
				4FEEF00521B03FFC00F6CDC2 /* Lexical Unit.swift */,
				4F6BAE6221B6D69500A952BB /* Statement.swift */,
				4F6BAE6021B6CEDD00A952BB /* Command Statement.swift */,
				4F6BAE5021B6CDAD00A952BB /* Nullary Command Statement.swift */,
				4F6BAE5421B6CDC900A952BB /* Register Command Statement.swift */,
				4F6BAE5221B6CDBA00A952BB /* Address Command Statement.swift */,
				4F6BAE5821B6CE1700A952BB /* Array Statement.swift */,
				4F6BAE5A21B6CE2C00A952BB /* Label Lexical Unit.swift */,
				4F6BAE5C21B6CE3600A952BB /* Comment Lexical Unit.swift */,
				4F6BAE5E21B6CE4000A952BB /* Partial Lexical Unit.swift */,
				4F166ED721B983AD001A8749 /* Parsing.swift */,
			);
			path = "Lexical Unit & Statement";
			sourceTree = "<group>";
		};
		4F6BAE6421B6F4C300A952BB /* Protocols */ = {
			isa = PBXGroup;
			children = (
				4F820F2F219B06AB004EE2C9 /* Command.swift */,
				4FFEB7D3219C6C480049D0A5 /* Nullary Command.swift */,
				4FFEB7D5219C6ED50049D0A5 /* Unary Register Command.swift */,
				4FFEB7D7219C6EDD0049D0A5 /* Binary Register Command.swift */,
				4FFEB7D9219C6EE90049D0A5 /* Address Command.swift */,
				4FFEB7DB219C6EF90049D0A5 /* Register Address Command.swift */,
				4FFEB7DD219C6F060049D0A5 /* Condition Address Command.swift */,
			);
			path = Protocols;
			sourceTree = "<group>";
		};
		4F820F2E219AFF71004EE2C9 /* Command */ = {
			isa = PBXGroup;
			children = (
				4F6BAE6421B6F4C300A952BB /* Protocols */,
				4F820F33219B1614004EE2C9 /* Load Command.swift */,
				4FFEB7E2219C75140049D0A5 /* Store Command.swift */,
				4FFEB7E4219C75DB0049D0A5 /* Arithmetic Command.swift */,
				4FA7EBA121A06B8400C52F98 /* Compare Command.swift */,
				4FA7EB9921A0682100C52F98 /* Jump Command.swift */,
				4FA7EB9B21A0691800C52F98 /* Conditional Jump Command.swift */,
				4FA7EBA921A0A55800C52F98 /* Read Command.swift */,
				4F4FA73E21A5AD6800C1D2C7 /* Print Command.swift */,
				4F4FA73C21A5AB5C00C1D2C7 /* Stack Command.swift */,
				4F63EC6421B3057800F00E9B /* Subroutine Jump Command.swift */,
				4F63EC6621B3058000F00E9B /* Subroutine Return Command.swift */,
				4FA7EB9F21A06B0D00C52F98 /* Halt Command.swift */,
			);
			path = Command;
			sourceTree = "<group>";
		};
		4F8D1B3D2512714D002E2BE9 /* Script Editor */ = {
			isa = PBXGroup;
			children = (
				4F8D1B3825126700002E2BE9 /* Script Editor.swift */,
				4F139C0121A3104100F817A6 /* Script Editing Controller.swift */,
			);
			path = "Script Editor";
			sourceTree = "<group>";
		};
		4FA523DB21B423C900BE1FF2 /* Preprocessor */ = {
			isa = PBXGroup;
			children = (
				4FA523E621B427B000BE1FF2 /* Preprocessor.swift */,
				4FA523DE21B4263800BE1FF2 /* Macro.swift */,
				4FFD1A5E21BEA27E00D51B49 /* Macro Expansion.swift */,
				4FA523DC21B423DD00BE1FF2 /* Directive.swift */,
				4FA523E221B4278E00BE1FF2 /* Output Directive.swift */,
				4FA523E821B4298200BE1FF2 /* Assignment Directive.swift */,
				4FA523F021B42CF200BE1FF2 /* Comparison Directive.swift */,
				4FA523EE21B429B700BE1FF2 /* Jump Directive.swift */,
				4FA523EA21B4299800BE1FF2 /* Invocation Directive.swift */,
				4FA523E421B4279700BE1FF2 /* Fail Directive.swift */,
				4FA523EC21B429A600BE1FF2 /* Null Directive.swift */,
			);
			path = Preprocessor;
			sourceTree = "<group>";
		};
		4FD8ADB421A1B1FD001AD860 /* Script */ = {
			isa = PBXGroup;
			children = (
				4F1B6EDF21A1A3D700751511 /* Script.swift */,
				4F30B52E21A218DC00BDEDCC /* Symbolic Address.swift */,
				4FA7EBA721A0895E00C52F98 /* Program.swift */,
				4F85A2E821A9C42E0061E505 /* Source Error.swift */,
				4F166ED921B983D7001A8749 /* Source Range.swift */,
			);
			path = Script;
			sourceTree = "<group>";
		};
/* End PBXGroup section */

/* Begin PBXNativeTarget section */
		4F346B6D2199DBE700D6D8AD /* DRAMASimulator */ = {
			isa = PBXNativeTarget;
			buildConfigurationList = 4F346B842199DBEA00D6D8AD /* Build configuration list for PBXNativeTarget "DRAMASimulator" */;
			buildPhases = (
				4F346B6A2199DBE700D6D8AD /* Sources */,
				4F346B6B2199DBE700D6D8AD /* Frameworks */,
				4F346B6C2199DBE700D6D8AD /* Resources */,
			);
			buildRules = (
			);
			dependencies = (
			);
			name = DRAMASimulator;
			packageProductDependencies = (
				4F8D1B2B251260A8002E2BE9 /* DepthKit */,
			);
			productName = DRAMASimulator;
			productReference = 4F346B6E2199DBE700D6D8AD /* DRAMA.app */;
			productType = "com.apple.product-type.application";
		};
/* End PBXNativeTarget section */

/* Begin PBXProject section */
		4F346B662199DBE700D6D8AD /* Project object */ = {
			isa = PBXProject;
			attributes = {
				LastSwiftUpdateCheck = 1010;
				LastUpgradeCheck = 1200;
				ORGANIZATIONNAME = "Constantino Tsarouhas";
				TargetAttributes = {
					4F346B6D2199DBE700D6D8AD = {
						CreatedOnToolsVersion = 10.1;
						LastSwiftMigration = 1130;
					};
				};
			};
			buildConfigurationList = 4F346B692199DBE700D6D8AD /* Build configuration list for PBXProject "DRAMASimulator" */;
			compatibilityVersion = "Xcode 10.0";
			developmentRegion = en;
			hasScannedForEncodings = 0;
			knownRegions = (
				en,
				Base,
			);
			mainGroup = 4F346B652199DBE700D6D8AD;
			packageReferences = (
				4F8D1B2A251260A8002E2BE9 /* XCRemoteSwiftPackageReference "DepthKit" */,
			);
			productRefGroup = 4F346B6F2199DBE700D6D8AD /* Products */;
			projectDirPath = "";
			projectRoot = "";
			targets = (
				4F346B6D2199DBE700D6D8AD /* DRAMASimulator */,
			);
		};
/* End PBXProject section */

/* Begin PBXResourcesBuildPhase section */
		4F346B6C2199DBE700D6D8AD /* Resources */ = {
			isa = PBXResourcesBuildPhase;
			buildActionMask = 2147483647;
			files = (
				4F346B802199DBEA00D6D8AD /* Launch.storyboard in Resources */,
				4F346B7D2199DBEA00D6D8AD /* Assets.xcassets in Resources */,
				4F346B7B2199DBE700D6D8AD /* DRAMASimulator.storyboard in Resources */,
			);
			runOnlyForDeploymentPostprocessing = 0;
		};
/* End PBXResourcesBuildPhase section */

/* Begin PBXSourcesBuildPhase section */
		4F346B6A2199DBE700D6D8AD /* Sources */ = {
			isa = PBXSourcesBuildPhase;
			buildActionMask = 2147483647;
			files = (
				4F6BAE6321B6D69500A952BB /* Statement.swift in Sources */,
				4FFEB7E3219C75140049D0A5 /* Store Command.swift in Sources */,
				4F4FA73D21A5AB5C00C1D2C7 /* Stack Command.swift in Sources */,
				4F6BAE5F21B6CE4000A952BB /* Partial Lexical Unit.swift in Sources */,
				4F44C7F4219A4BBE003798AF /* Machine Word.swift in Sources */,
				4F6BAE5321B6CDBA00A952BB /* Address Command Statement.swift in Sources */,
				4F6BAE6121B6CEDD00A952BB /* Command Statement.swift in Sources */,
				4F3E7914219A2324008E3E9B /* Value Operand.swift in Sources */,
				4F8D1B402512715F002E2BE9 /* Document View.swift in Sources */,
				4F346B782199DBE700D6D8AD /* Document.swift in Sources */,
				4F6BAE5121B6CDAD00A952BB /* Nullary Command Statement.swift in Sources */,
				4FFEB7D8219C6EDD0049D0A5 /* Binary Register Command.swift in Sources */,
				4FA7EB9821A0493C00C52F98 /* Word.swift in Sources */,
				4FA7EBA221A06B8400C52F98 /* Compare Command.swift in Sources */,
				4F166ED821B983AD001A8749 /* Parsing.swift in Sources */,
				4FFD1A5F21BEA27E00D51B49 /* Macro Expansion.swift in Sources */,
				4FA7EBAA21A0A55800C52F98 /* Read Command.swift in Sources */,
				4FA523E921B4298200BE1FF2 /* Assignment Directive.swift in Sources */,
				4FA7EB9A21A0682100C52F98 /* Jump Command.swift in Sources */,
				4F6BAE5521B6CDC900A952BB /* Register Command Statement.swift in Sources */,
				4FEEF00621B03FFC00F6CDC2 /* Lexical Unit.swift in Sources */,
				4F6BAE5921B6CE1700A952BB /* Array Statement.swift in Sources */,
				4F8D1B2F251260B3002E2BE9 /* Application.swift in Sources */,
				4F63EC6721B3058000F00E9B /* Subroutine Return Command.swift in Sources */,
				4F44C7F2219A4426003798AF /* Machine.swift in Sources */,
				4F6BAE5D21B6CE3600A952BB /* Comment Lexical Unit.swift in Sources */,
				4FA523EF21B429B700BE1FF2 /* Jump Directive.swift in Sources */,
				4F820F30219B06AB004EE2C9 /* Command.swift in Sources */,
				4F6BAE5B21B6CE2C00A952BB /* Label Lexical Unit.swift in Sources */,
				4FA523E321B4278E00BE1FF2 /* Output Directive.swift in Sources */,
				4F8D1B3925126700002E2BE9 /* Script Editor.swift in Sources */,
				4FA523E721B427B000BE1FF2 /* Preprocessor.swift in Sources */,
				4FFEB7E1219C73650049D0A5 /* Register.swift in Sources */,
				4FA523ED21B429A600BE1FF2 /* Null Directive.swift in Sources */,
				4FA7EBA421A06C4C00C52F98 /* Condition State.swift in Sources */,
				4FA523EB21B4299800BE1FF2 /* Invocation Directive.swift in Sources */,
				4FA7EB9C21A0691800C52F98 /* Conditional Jump Command.swift in Sources */,
				4FFEB7D4219C6C480049D0A5 /* Nullary Command.swift in Sources */,
				4F3E7910219A2221008E3E9B /* Addressing Mode.swift in Sources */,
				4FFEB7DC219C6EF90049D0A5 /* Register Address Command.swift in Sources */,
				4F3E7916219A25B7008E3E9B /* Condition.swift in Sources */,
				4F820F35219B1CD6004EE2C9 /* Instruction.swift in Sources */,
				4F166EDA21B983D7001A8749 /* Source Range.swift in Sources */,
				4FA7EBA021A06B0D00C52F98 /* Halt Command.swift in Sources */,
				4F4FA73F21A5AD6800C1D2C7 /* Print Command.swift in Sources */,
				4FFEB7DA219C6EE90049D0A5 /* Address Command.swift in Sources */,
				4F1B6EE021A1A3D700751511 /* Script.swift in Sources */,
				4F0DA00F251389A600311BD2 /* Split View.swift in Sources */,
				4FA523E521B4279700BE1FF2 /* Fail Directive.swift in Sources */,
				4F8D1B4525127CD0002E2BE9 /* Machine View.swift in Sources */,
				4F35A3CE21A0D6EA00A4610D /* Command Word.swift in Sources */,
				4F960D4A2513D4800097B863 /* TODO.swift in Sources */,
				4FFEB7D6219C6ED50049D0A5 /* Unary Register Command.swift in Sources */,
				4F85A2E921A9C42E0061E505 /* Source Error.swift in Sources */,
				4FA523DD21B423DD00BE1FF2 /* Directive.swift in Sources */,
				4FFEB7E5219C75DB0049D0A5 /* Arithmetic Command.swift in Sources */,
				4F30B52F21A218DC00BDEDCC /* Symbolic Address.swift in Sources */,
				4FA523DF21B4263800BE1FF2 /* Macro.swift in Sources */,
				4F0BFEE125128E3F00ECC4D2 /* Memory.swift in Sources */,
				4FA5A4E721AB210000799084 /* Timeline.swift in Sources */,
				4FFEB7DE219C6F060049D0A5 /* Condition Address Command.swift in Sources */,
				4FFEB7DF219C72D50049D0A5 /* Load Command.swift in Sources */,
				4F63EC6521B3057800F00E9B /* Subroutine Jump Command.swift in Sources */,
				4FA7EBA821A0895E00C52F98 /* Program.swift in Sources */,
				4F44C7F6219A4C40003798AF /* Address Word.swift in Sources */,
				4F139C0221A3104100F817A6 /* Script Editing Controller.swift in Sources */,
				4FA523F121B42CF200BE1FF2 /* Comparison Directive.swift in Sources */,
			);
			runOnlyForDeploymentPostprocessing = 0;
		};
/* End PBXSourcesBuildPhase section */

/* Begin PBXVariantGroup section */
		4F346B792199DBE700D6D8AD /* DRAMASimulator.storyboard */ = {
			isa = PBXVariantGroup;
			children = (
				4F346B7A2199DBE700D6D8AD /* Base */,
			);
			name = DRAMASimulator.storyboard;
			sourceTree = "<group>";
		};
		4F346B7E2199DBEA00D6D8AD /* Launch.storyboard */ = {
			isa = PBXVariantGroup;
			children = (
				4F346B7F2199DBEA00D6D8AD /* Base */,
			);
			name = Launch.storyboard;
			sourceTree = "<group>";
		};
/* End PBXVariantGroup section */

/* Begin XCBuildConfiguration section */
		4F346B822199DBEA00D6D8AD /* Debug */ = {
			isa = XCBuildConfiguration;
			buildSettings = {
				ALWAYS_SEARCH_USER_PATHS = NO;
				ASSETCATALOG_COMPILER_GLOBAL_ACCENT_COLOR_NAME = Accent;
				CLANG_ANALYZER_NONNULL = YES;
				CLANG_ANALYZER_NUMBER_OBJECT_CONVERSION = YES_AGGRESSIVE;
				CLANG_ENABLE_MODULES = YES;
				CLANG_ENABLE_OBJC_ARC = YES;
				CLANG_ENABLE_OBJC_WEAK = YES;
				CLANG_WARN_BLOCK_CAPTURE_AUTORELEASING = YES;
				CLANG_WARN_BOOL_CONVERSION = YES;
				CLANG_WARN_COMMA = YES;
				CLANG_WARN_CONSTANT_CONVERSION = YES;
				CLANG_WARN_DEPRECATED_OBJC_IMPLEMENTATIONS = YES;
				CLANG_WARN_DIRECT_OBJC_ISA_USAGE = YES_ERROR;
				CLANG_WARN_DOCUMENTATION_COMMENTS = YES;
				CLANG_WARN_EMPTY_BODY = YES;
				CLANG_WARN_ENUM_CONVERSION = YES;
				CLANG_WARN_INFINITE_RECURSION = YES;
				CLANG_WARN_INT_CONVERSION = YES;
				CLANG_WARN_NON_LITERAL_NULL_CONVERSION = YES;
				CLANG_WARN_OBJC_IMPLICIT_RETAIN_SELF = YES;
				CLANG_WARN_OBJC_LITERAL_CONVERSION = YES;
				CLANG_WARN_OBJC_ROOT_CLASS = YES_ERROR;
				CLANG_WARN_QUOTED_INCLUDE_IN_FRAMEWORK_HEADER = YES;
				CLANG_WARN_RANGE_LOOP_ANALYSIS = YES;
				CLANG_WARN_STRICT_PROTOTYPES = YES;
				CLANG_WARN_SUSPICIOUS_MOVE = YES;
				CLANG_WARN_UNGUARDED_AVAILABILITY = YES_AGGRESSIVE;
				CLANG_WARN_UNREACHABLE_CODE = YES;
				CLANG_WARN__DUPLICATE_METHOD_MATCH = YES;
				CODE_SIGN_ENTITLEMENTS = "Support/$(TARGET_NAME).entitlements";
				CODE_SIGN_IDENTITY = "iPhone Developer";
				COPY_PHASE_STRIP = NO;
				DEBUG_INFORMATION_FORMAT = dwarf;
				DEVELOPMENT_TEAM = RHHVBP3SJ2;
				ENABLE_STRICT_OBJC_MSGSEND = YES;
				ENABLE_TESTABILITY = YES;
				GCC_NO_COMMON_BLOCKS = YES;
				GCC_OPTIMIZATION_LEVEL = 0;
				GCC_PREPROCESSOR_DEFINITIONS = (
					"DEBUG=1",
					"$(inherited)",
				);
				GCC_WARN_64_TO_32_BIT_CONVERSION = YES;
				GCC_WARN_ABOUT_RETURN_TYPE = YES_ERROR;
				GCC_WARN_UNDECLARED_SELECTOR = YES;
				GCC_WARN_UNINITIALIZED_AUTOS = YES_AGGRESSIVE;
				GCC_WARN_UNUSED_FUNCTION = YES;
				GCC_WARN_UNUSED_VARIABLE = YES;
				INFOPLIST_FILE = "Support/$(TARGET_NAME).plist";
				IPHONEOS_DEPLOYMENT_TARGET = 14.0;
				MTL_ENABLE_DEBUG_INFO = INCLUDE_SOURCE;
				MTL_FAST_MATH = YES;
				ONLY_ACTIVE_ARCH = YES;
				PRODUCT_BUNDLE_IDENTIFIER = "me.ctxppc.$(TARGET_NAME)";
				PRODUCT_NAME = DRAMA;
				SDKROOT = iphoneos;
				SWIFT_ACTIVE_COMPILATION_CONDITIONS = DEBUG;
				SWIFT_OPTIMIZATION_LEVEL = "-Onone";
				SWIFT_VERSION = 5.0;
				TARGETED_DEVICE_FAMILY = "1,2,6";
			};
			name = Debug;
		};
		4F346B832199DBEA00D6D8AD /* Release */ = {
			isa = XCBuildConfiguration;
			buildSettings = {
				ALWAYS_SEARCH_USER_PATHS = NO;
				ASSETCATALOG_COMPILER_GLOBAL_ACCENT_COLOR_NAME = Accent;
				CLANG_ANALYZER_NONNULL = YES;
				CLANG_ANALYZER_NUMBER_OBJECT_CONVERSION = YES_AGGRESSIVE;
				CLANG_ENABLE_MODULES = YES;
				CLANG_ENABLE_OBJC_ARC = YES;
				CLANG_ENABLE_OBJC_WEAK = YES;
				CLANG_WARN_BLOCK_CAPTURE_AUTORELEASING = YES;
				CLANG_WARN_BOOL_CONVERSION = YES;
				CLANG_WARN_COMMA = YES;
				CLANG_WARN_CONSTANT_CONVERSION = YES;
				CLANG_WARN_DEPRECATED_OBJC_IMPLEMENTATIONS = YES;
				CLANG_WARN_DIRECT_OBJC_ISA_USAGE = YES_ERROR;
				CLANG_WARN_DOCUMENTATION_COMMENTS = YES;
				CLANG_WARN_EMPTY_BODY = YES;
				CLANG_WARN_ENUM_CONVERSION = YES;
				CLANG_WARN_INFINITE_RECURSION = YES;
				CLANG_WARN_INT_CONVERSION = YES;
				CLANG_WARN_NON_LITERAL_NULL_CONVERSION = YES;
				CLANG_WARN_OBJC_IMPLICIT_RETAIN_SELF = YES;
				CLANG_WARN_OBJC_LITERAL_CONVERSION = YES;
				CLANG_WARN_OBJC_ROOT_CLASS = YES_ERROR;
				CLANG_WARN_QUOTED_INCLUDE_IN_FRAMEWORK_HEADER = YES;
				CLANG_WARN_RANGE_LOOP_ANALYSIS = YES;
				CLANG_WARN_STRICT_PROTOTYPES = YES;
				CLANG_WARN_SUSPICIOUS_MOVE = YES;
				CLANG_WARN_UNGUARDED_AVAILABILITY = YES_AGGRESSIVE;
				CLANG_WARN_UNREACHABLE_CODE = YES;
				CLANG_WARN__DUPLICATE_METHOD_MATCH = YES;
				CODE_SIGN_ENTITLEMENTS = "Support/$(TARGET_NAME).entitlements";
				CODE_SIGN_IDENTITY = "iPhone Developer";
				COPY_PHASE_STRIP = NO;
				DEBUG_INFORMATION_FORMAT = "dwarf-with-dsym";
				DEVELOPMENT_TEAM = RHHVBP3SJ2;
				ENABLE_NS_ASSERTIONS = NO;
				ENABLE_STRICT_OBJC_MSGSEND = YES;
				GCC_NO_COMMON_BLOCKS = YES;
				GCC_WARN_64_TO_32_BIT_CONVERSION = YES;
				GCC_WARN_ABOUT_RETURN_TYPE = YES_ERROR;
				GCC_WARN_UNDECLARED_SELECTOR = YES;
				GCC_WARN_UNINITIALIZED_AUTOS = YES_AGGRESSIVE;
				GCC_WARN_UNUSED_FUNCTION = YES;
				GCC_WARN_UNUSED_VARIABLE = YES;
				INFOPLIST_FILE = "Support/$(TARGET_NAME).plist";
				IPHONEOS_DEPLOYMENT_TARGET = 14.0;
				MTL_ENABLE_DEBUG_INFO = NO;
				MTL_FAST_MATH = YES;
				PRODUCT_BUNDLE_IDENTIFIER = "me.ctxppc.$(TARGET_NAME)";
				PRODUCT_NAME = DRAMA;
				SDKROOT = iphoneos;
				SWIFT_COMPILATION_MODE = wholemodule;
				SWIFT_OPTIMIZATION_LEVEL = "-O";
				SWIFT_VERSION = 5.0;
				TARGETED_DEVICE_FAMILY = "1,2,6";
				VALIDATE_PRODUCT = YES;
			};
			name = Release;
		};
		4F346B852199DBEA00D6D8AD /* Debug */ = {
			isa = XCBuildConfiguration;
			buildSettings = {
				ASSETCATALOG_COMPILER_APPICON_NAME = AppIcon;
				CURRENT_PROJECT_VERSION = 2;
				LD_RUNPATH_SEARCH_PATHS = (
					"$(inherited)",
					"@executable_path/Frameworks",
				);
				MARKETING_VERSION = 1.1;
				SUPPORTS_MACCATALYST = YES;
				SUPPORTS_MAC_DESIGNED_FOR_IPHONE_IPAD = NO;
				TARGETED_DEVICE_FAMILY = "1,2";
			};
			name = Debug;
		};
		4F346B862199DBEA00D6D8AD /* Release */ = {
			isa = XCBuildConfiguration;
			buildSettings = {
				ASSETCATALOG_COMPILER_APPICON_NAME = AppIcon;
				CURRENT_PROJECT_VERSION = 2;
				LD_RUNPATH_SEARCH_PATHS = (
					"$(inherited)",
					"@executable_path/Frameworks",
				);
				MARKETING_VERSION = 1.1;
				SUPPORTS_MACCATALYST = YES;
				SUPPORTS_MAC_DESIGNED_FOR_IPHONE_IPAD = NO;
				TARGETED_DEVICE_FAMILY = "1,2";
			};
			name = Release;
		};
/* End XCBuildConfiguration section */

/* Begin XCConfigurationList section */
		4F346B692199DBE700D6D8AD /* Build configuration list for PBXProject "DRAMASimulator" */ = {
			isa = XCConfigurationList;
			buildConfigurations = (
				4F346B822199DBEA00D6D8AD /* Debug */,
				4F346B832199DBEA00D6D8AD /* Release */,
			);
			defaultConfigurationIsVisible = 0;
			defaultConfigurationName = Release;
		};
		4F346B842199DBEA00D6D8AD /* Build configuration list for PBXNativeTarget "DRAMASimulator" */ = {
			isa = XCConfigurationList;
			buildConfigurations = (
				4F346B852199DBEA00D6D8AD /* Debug */,
				4F346B862199DBEA00D6D8AD /* Release */,
			);
			defaultConfigurationIsVisible = 0;
			defaultConfigurationName = Release;
		};
/* End XCConfigurationList section */

/* Begin XCRemoteSwiftPackageReference section */
		4F8D1B2A251260A8002E2BE9 /* XCRemoteSwiftPackageReference "DepthKit" */ = {
			isa = XCRemoteSwiftPackageReference;
			repositoryURL = "https://github.com/ctxppc/DepthKit.git";
			requirement = {
				kind = upToNextMajorVersion;
				minimumVersion = 0.9.0;
			};
		};
/* End XCRemoteSwiftPackageReference section */

/* Begin XCSwiftPackageProductDependency section */
		4F8D1B2B251260A8002E2BE9 /* DepthKit */ = {
			isa = XCSwiftPackageProductDependency;
			package = 4F8D1B2A251260A8002E2BE9 /* XCRemoteSwiftPackageReference "DepthKit" */;
			productName = DepthKit;
		};
/* End XCSwiftPackageProductDependency section */
	};
	rootObject = 4F346B662199DBE700D6D8AD /* Project object */;
}
