// !$*UTF8*$!
{
	archiveVersion = 1;
	classes = {
	};
	objectVersion = 51;
	objects = {

/* Begin PBXBuildFile section */
		4F346B722199DBE700D6D8AD /* DRAMASimulator Delegate.swift in Sources */ = {isa = PBXBuildFile; fileRef = 4F346B712199DBE700D6D8AD /* DRAMASimulator Delegate.swift */; };
		4F346B742199DBE700D6D8AD /* Document Browser View Controller.swift in Sources */ = {isa = PBXBuildFile; fileRef = 4F346B732199DBE700D6D8AD /* Document Browser View Controller.swift */; };
		4F346B762199DBE700D6D8AD /* Script View Controller.swift in Sources */ = {isa = PBXBuildFile; fileRef = 4F346B752199DBE700D6D8AD /* Script View Controller.swift */; };
		4F346B782199DBE700D6D8AD /* Script.swift in Sources */ = {isa = PBXBuildFile; fileRef = 4F346B772199DBE700D6D8AD /* Script.swift */; };
		4F346B7B2199DBE700D6D8AD /* DRAMASimulator.storyboard in Resources */ = {isa = PBXBuildFile; fileRef = 4F346B792199DBE700D6D8AD /* DRAMASimulator.storyboard */; };
		4F346B7D2199DBEA00D6D8AD /* Assets.xcassets in Resources */ = {isa = PBXBuildFile; fileRef = 4F346B7C2199DBEA00D6D8AD /* Assets.xcassets */; };
		4F346B802199DBEA00D6D8AD /* Launch.storyboard in Resources */ = {isa = PBXBuildFile; fileRef = 4F346B7E2199DBEA00D6D8AD /* Launch.storyboard */; };
		4F3E7910219A2221008E3E9B /* Addressing Mode.swift in Sources */ = {isa = PBXBuildFile; fileRef = 4F3E790F219A2221008E3E9B /* Addressing Mode.swift */; };
		4F3E7914219A2324008E3E9B /* Address Specification.swift in Sources */ = {isa = PBXBuildFile; fileRef = 4F3E7913219A2324008E3E9B /* Address Specification.swift */; };
		4F3E7916219A25B7008E3E9B /* Condition.swift in Sources */ = {isa = PBXBuildFile; fileRef = 4F3E7915219A25B7008E3E9B /* Condition.swift */; };
		4F3E7918219A2722008E3E9B /* Executable.swift in Sources */ = {isa = PBXBuildFile; fileRef = 4F3E7917219A2722008E3E9B /* Executable.swift */; };
		4F3E791E219A2FC8008E3E9B /* Global.swift in Sources */ = {isa = PBXBuildFile; fileRef = 4F3E791D219A2FC8008E3E9B /* Global.swift */; };
		4F44C7F2219A4426003798AF /* Machine.swift in Sources */ = {isa = PBXBuildFile; fileRef = 4F44C7F1219A4426003798AF /* Machine.swift */; };
		4F44C7F4219A4BBE003798AF /* Word.swift in Sources */ = {isa = PBXBuildFile; fileRef = 4F44C7F3219A4BBE003798AF /* Word.swift */; };
		4F44C7F6219A4C40003798AF /* Address Word.swift in Sources */ = {isa = PBXBuildFile; fileRef = 4F44C7F5219A4C40003798AF /* Address Word.swift */; };
		4F820F30219B06AB004EE2C9 /* Command.swift in Sources */ = {isa = PBXBuildFile; fileRef = 4F820F2F219B06AB004EE2C9 /* Command.swift */; };
		4F820F35219B1CD6004EE2C9 /* Instruction.swift in Sources */ = {isa = PBXBuildFile; fileRef = 4F3E790B219A1FBE008E3E9B /* Instruction.swift */; };
		4FA7EB9821A0493C00C52F98 /* Word Protocol.swift in Sources */ = {isa = PBXBuildFile; fileRef = 4FA7EB9721A0493C00C52F98 /* Word Protocol.swift */; };
		4FA7EB9A21A0682100C52F98 /* Jump Command.swift in Sources */ = {isa = PBXBuildFile; fileRef = 4FA7EB9921A0682100C52F98 /* Jump Command.swift */; };
		4FA7EB9C21A0691800C52F98 /* Conditional Jump Command.swift in Sources */ = {isa = PBXBuildFile; fileRef = 4FA7EB9B21A0691800C52F98 /* Conditional Jump Command.swift */; };
		4FA7EBA021A06B0D00C52F98 /* Halt Command.swift in Sources */ = {isa = PBXBuildFile; fileRef = 4FA7EB9F21A06B0D00C52F98 /* Halt Command.swift */; };
		4FA7EBA221A06B8400C52F98 /* Compare Command.swift in Sources */ = {isa = PBXBuildFile; fileRef = 4FA7EBA121A06B8400C52F98 /* Compare Command.swift */; };
		4FA7EBA421A06C4C00C52F98 /* Condition State.swift in Sources */ = {isa = PBXBuildFile; fileRef = 4FA7EBA321A06C4C00C52F98 /* Condition State.swift */; };
		4FA7EBA821A0895E00C52F98 /* Program.swift in Sources */ = {isa = PBXBuildFile; fileRef = 4FA7EBA721A0895E00C52F98 /* Program.swift */; };
		4FA7EBAA21A0A55800C52F98 /* Read Command.swift in Sources */ = {isa = PBXBuildFile; fileRef = 4FA7EBA921A0A55800C52F98 /* Read Command.swift */; };
		4FFEB7D4219C6C480049D0A5 /* Nullary Command.swift in Sources */ = {isa = PBXBuildFile; fileRef = 4FFEB7D3219C6C480049D0A5 /* Nullary Command.swift */; };
		4FFEB7D6219C6ED50049D0A5 /* Unary Register Command.swift in Sources */ = {isa = PBXBuildFile; fileRef = 4FFEB7D5219C6ED50049D0A5 /* Unary Register Command.swift */; };
		4FFEB7D8219C6EDD0049D0A5 /* Binary Register Command.swift in Sources */ = {isa = PBXBuildFile; fileRef = 4FFEB7D7219C6EDD0049D0A5 /* Binary Register Command.swift */; };
		4FFEB7DA219C6EE90049D0A5 /* Address Command.swift in Sources */ = {isa = PBXBuildFile; fileRef = 4FFEB7D9219C6EE90049D0A5 /* Address Command.swift */; };
		4FFEB7DC219C6EF90049D0A5 /* Register Address Command.swift in Sources */ = {isa = PBXBuildFile; fileRef = 4FFEB7DB219C6EF90049D0A5 /* Register Address Command.swift */; };
		4FFEB7DE219C6F060049D0A5 /* Condition Address Command.swift in Sources */ = {isa = PBXBuildFile; fileRef = 4FFEB7DD219C6F060049D0A5 /* Condition Address Command.swift */; };
		4FFEB7DF219C72D50049D0A5 /* Load Command.swift in Sources */ = {isa = PBXBuildFile; fileRef = 4F820F33219B1614004EE2C9 /* Load Command.swift */; };
		4FFEB7E1219C73650049D0A5 /* Register.swift in Sources */ = {isa = PBXBuildFile; fileRef = 4FFEB7E0219C73650049D0A5 /* Register.swift */; };
		4FFEB7E3219C75140049D0A5 /* Store Command.swift in Sources */ = {isa = PBXBuildFile; fileRef = 4FFEB7E2219C75140049D0A5 /* Store Command.swift */; };
		4FFEB7E5219C75DB0049D0A5 /* Arithmetic Command.swift in Sources */ = {isa = PBXBuildFile; fileRef = 4FFEB7E4219C75DB0049D0A5 /* Arithmetic Command.swift */; };
/* End PBXBuildFile section */

/* Begin PBXFileReference section */
		4F346B6E2199DBE700D6D8AD /* DRAMASimulator.app */ = {isa = PBXFileReference; explicitFileType = wrapper.application; includeInIndex = 0; path = DRAMASimulator.app; sourceTree = BUILT_PRODUCTS_DIR; };
		4F346B712199DBE700D6D8AD /* DRAMASimulator Delegate.swift */ = {isa = PBXFileReference; lastKnownFileType = sourcecode.swift; path = "DRAMASimulator Delegate.swift"; sourceTree = "<group>"; };
		4F346B732199DBE700D6D8AD /* Document Browser View Controller.swift */ = {isa = PBXFileReference; lastKnownFileType = sourcecode.swift; path = "Document Browser View Controller.swift"; sourceTree = "<group>"; };
		4F346B752199DBE700D6D8AD /* Script View Controller.swift */ = {isa = PBXFileReference; lastKnownFileType = sourcecode.swift; path = "Script View Controller.swift"; sourceTree = "<group>"; };
		4F346B772199DBE700D6D8AD /* Script.swift */ = {isa = PBXFileReference; lastKnownFileType = sourcecode.swift; path = Script.swift; sourceTree = "<group>"; };
		4F346B7A2199DBE700D6D8AD /* Base */ = {isa = PBXFileReference; lastKnownFileType = file.storyboard; name = Base; path = Base.lproj/DRAMASimulator.storyboard; sourceTree = "<group>"; };
		4F346B7C2199DBEA00D6D8AD /* Assets.xcassets */ = {isa = PBXFileReference; lastKnownFileType = folder.assetcatalog; path = Assets.xcassets; sourceTree = "<group>"; };
		4F346B7F2199DBEA00D6D8AD /* Base */ = {isa = PBXFileReference; lastKnownFileType = file.storyboard; name = Base; path = Base.lproj/Launch.storyboard; sourceTree = "<group>"; };
		4F346B812199DBEA00D6D8AD /* DRAMASimulator.plist */ = {isa = PBXFileReference; lastKnownFileType = text.plist.xml; path = DRAMASimulator.plist; sourceTree = "<group>"; };
		4F3E790B219A1FBE008E3E9B /* Instruction.swift */ = {isa = PBXFileReference; lastKnownFileType = sourcecode.swift; path = Instruction.swift; sourceTree = "<group>"; };
		4F3E790F219A2221008E3E9B /* Addressing Mode.swift */ = {isa = PBXFileReference; lastKnownFileType = sourcecode.swift; path = "Addressing Mode.swift"; sourceTree = "<group>"; };
		4F3E7913219A2324008E3E9B /* Address Specification.swift */ = {isa = PBXFileReference; lastKnownFileType = sourcecode.swift; path = "Address Specification.swift"; sourceTree = "<group>"; };
		4F3E7915219A25B7008E3E9B /* Condition.swift */ = {isa = PBXFileReference; lastKnownFileType = sourcecode.swift; path = Condition.swift; sourceTree = "<group>"; };
		4F3E7917219A2722008E3E9B /* Executable.swift */ = {isa = PBXFileReference; lastKnownFileType = sourcecode.swift; path = Executable.swift; sourceTree = "<group>"; };
		4F3E791D219A2FC8008E3E9B /* Global.swift */ = {isa = PBXFileReference; lastKnownFileType = sourcecode.swift; path = Global.swift; sourceTree = "<group>"; };
		4F44C7F1219A4426003798AF /* Machine.swift */ = {isa = PBXFileReference; lastKnownFileType = sourcecode.swift; path = Machine.swift; sourceTree = "<group>"; };
		4F44C7F3219A4BBE003798AF /* Word.swift */ = {isa = PBXFileReference; lastKnownFileType = sourcecode.swift; path = Word.swift; sourceTree = "<group>"; };
		4F44C7F5219A4C40003798AF /* Address Word.swift */ = {isa = PBXFileReference; lastKnownFileType = sourcecode.swift; path = "Address Word.swift"; sourceTree = "<group>"; };
		4F820F2F219B06AB004EE2C9 /* Command.swift */ = {isa = PBXFileReference; fileEncoding = 4; lastKnownFileType = sourcecode.swift; path = Command.swift; sourceTree = "<group>"; };
		4F820F33219B1614004EE2C9 /* Load Command.swift */ = {isa = PBXFileReference; lastKnownFileType = sourcecode.swift; path = "Load Command.swift"; sourceTree = "<group>"; };
		4FA7EB9721A0493C00C52F98 /* Word Protocol.swift */ = {isa = PBXFileReference; lastKnownFileType = sourcecode.swift; path = "Word Protocol.swift"; sourceTree = "<group>"; };
		4FA7EB9921A0682100C52F98 /* Jump Command.swift */ = {isa = PBXFileReference; lastKnownFileType = sourcecode.swift; path = "Jump Command.swift"; sourceTree = "<group>"; };
		4FA7EB9B21A0691800C52F98 /* Conditional Jump Command.swift */ = {isa = PBXFileReference; lastKnownFileType = sourcecode.swift; path = "Conditional Jump Command.swift"; sourceTree = "<group>"; };
		4FA7EB9F21A06B0D00C52F98 /* Halt Command.swift */ = {isa = PBXFileReference; lastKnownFileType = sourcecode.swift; path = "Halt Command.swift"; sourceTree = "<group>"; };
		4FA7EBA121A06B8400C52F98 /* Compare Command.swift */ = {isa = PBXFileReference; lastKnownFileType = sourcecode.swift; path = "Compare Command.swift"; sourceTree = "<group>"; };
		4FA7EBA321A06C4C00C52F98 /* Condition State.swift */ = {isa = PBXFileReference; lastKnownFileType = sourcecode.swift; path = "Condition State.swift"; sourceTree = "<group>"; };
		4FA7EBA721A0895E00C52F98 /* Program.swift */ = {isa = PBXFileReference; lastKnownFileType = sourcecode.swift; path = Program.swift; sourceTree = "<group>"; };
		4FA7EBA921A0A55800C52F98 /* Read Command.swift */ = {isa = PBXFileReference; lastKnownFileType = sourcecode.swift; path = "Read Command.swift"; sourceTree = "<group>"; };
		4FFEB7D3219C6C480049D0A5 /* Nullary Command.swift */ = {isa = PBXFileReference; lastKnownFileType = sourcecode.swift; path = "Nullary Command.swift"; sourceTree = "<group>"; };
		4FFEB7D5219C6ED50049D0A5 /* Unary Register Command.swift */ = {isa = PBXFileReference; lastKnownFileType = sourcecode.swift; path = "Unary Register Command.swift"; sourceTree = "<group>"; };
		4FFEB7D7219C6EDD0049D0A5 /* Binary Register Command.swift */ = {isa = PBXFileReference; lastKnownFileType = sourcecode.swift; path = "Binary Register Command.swift"; sourceTree = "<group>"; };
		4FFEB7D9219C6EE90049D0A5 /* Address Command.swift */ = {isa = PBXFileReference; lastKnownFileType = sourcecode.swift; path = "Address Command.swift"; sourceTree = "<group>"; };
		4FFEB7DB219C6EF90049D0A5 /* Register Address Command.swift */ = {isa = PBXFileReference; lastKnownFileType = sourcecode.swift; path = "Register Address Command.swift"; sourceTree = "<group>"; };
		4FFEB7DD219C6F060049D0A5 /* Condition Address Command.swift */ = {isa = PBXFileReference; lastKnownFileType = sourcecode.swift; path = "Condition Address Command.swift"; sourceTree = "<group>"; };
		4FFEB7E0219C73650049D0A5 /* Register.swift */ = {isa = PBXFileReference; lastKnownFileType = sourcecode.swift; path = Register.swift; sourceTree = "<group>"; };
		4FFEB7E2219C75140049D0A5 /* Store Command.swift */ = {isa = PBXFileReference; lastKnownFileType = sourcecode.swift; path = "Store Command.swift"; sourceTree = "<group>"; };
		4FFEB7E4219C75DB0049D0A5 /* Arithmetic Command.swift */ = {isa = PBXFileReference; lastKnownFileType = sourcecode.swift; path = "Arithmetic Command.swift"; sourceTree = "<group>"; };
/* End PBXFileReference section */

/* Begin PBXFrameworksBuildPhase section */
		4F346B6B2199DBE700D6D8AD /* Frameworks */ = {
			isa = PBXFrameworksBuildPhase;
			buildActionMask = 2147483647;
			files = (
			);
			runOnlyForDeploymentPostprocessing = 0;
		};
/* End PBXFrameworksBuildPhase section */

/* Begin PBXGroup section */
		4F346B652199DBE700D6D8AD = {
			isa = PBXGroup;
			children = (
				4F3E790A219A1FA4008E3E9B /* Model */,
				4F3E7909219A1B46008E3E9B /* View */,
				4F346B702199DBE700D6D8AD /* Support */,
				4F346B6F2199DBE700D6D8AD /* Products */,
			);
			sourceTree = "<group>";
		};
		4F346B6F2199DBE700D6D8AD /* Products */ = {
			isa = PBXGroup;
			children = (
				4F346B6E2199DBE700D6D8AD /* DRAMASimulator.app */,
			);
			name = Products;
			sourceTree = "<group>";
		};
		4F346B702199DBE700D6D8AD /* Support */ = {
			isa = PBXGroup;
			children = (
				4F346B712199DBE700D6D8AD /* DRAMASimulator Delegate.swift */,
				4F346B772199DBE700D6D8AD /* Script.swift */,
				4F346B7C2199DBEA00D6D8AD /* Assets.xcassets */,
				4F346B7E2199DBEA00D6D8AD /* Launch.storyboard */,
				4F346B812199DBEA00D6D8AD /* DRAMASimulator.plist */,
			);
			path = Support;
			sourceTree = "<group>";
		};
		4F3E7909219A1B46008E3E9B /* View */ = {
			isa = PBXGroup;
			children = (
				4F346B792199DBE700D6D8AD /* DRAMASimulator.storyboard */,
				4F346B732199DBE700D6D8AD /* Document Browser View Controller.swift */,
				4F346B752199DBE700D6D8AD /* Script View Controller.swift */,
			);
			path = View;
			sourceTree = "<group>";
		};
		4F3E790A219A1FA4008E3E9B /* Model */ = {
			isa = PBXGroup;
			children = (
				4F44C7F1219A4426003798AF /* Machine.swift */,
				4FA7EB9721A0493C00C52F98 /* Word Protocol.swift */,
				4F44C7F3219A4BBE003798AF /* Word.swift */,
				4F44C7F5219A4C40003798AF /* Address Word.swift */,
				4FFEB7E0219C73650049D0A5 /* Register.swift */,
				4F820F2E219AFF71004EE2C9 /* Commands */,
				4F3E790B219A1FBE008E3E9B /* Instruction.swift */,
				4F3E790F219A2221008E3E9B /* Addressing Mode.swift */,
				4F3E7913219A2324008E3E9B /* Address Specification.swift */,
				4F3E7915219A25B7008E3E9B /* Condition.swift */,
				4FA7EBA321A06C4C00C52F98 /* Condition State.swift */,
				4FA7EBA721A0895E00C52F98 /* Program.swift */,
				4F3E791D219A2FC8008E3E9B /* Global.swift */,
				4F3E7917219A2722008E3E9B /* Executable.swift */,
			);
			path = Model;
			sourceTree = "<group>";
		};
		4F820F2E219AFF71004EE2C9 /* Commands */ = {
			isa = PBXGroup;
			children = (
				4F820F2F219B06AB004EE2C9 /* Command.swift */,
				4FFEB7D3219C6C480049D0A5 /* Nullary Command.swift */,
				4FFEB7D5219C6ED50049D0A5 /* Unary Register Command.swift */,
				4FFEB7D7219C6EDD0049D0A5 /* Binary Register Command.swift */,
				4FFEB7D9219C6EE90049D0A5 /* Address Command.swift */,
				4FFEB7DB219C6EF90049D0A5 /* Register Address Command.swift */,
				4FFEB7DD219C6F060049D0A5 /* Condition Address Command.swift */,
				4F820F33219B1614004EE2C9 /* Load Command.swift */,
				4FFEB7E2219C75140049D0A5 /* Store Command.swift */,
				4FFEB7E4219C75DB0049D0A5 /* Arithmetic Command.swift */,
				4FA7EBA121A06B8400C52F98 /* Compare Command.swift */,
				4FA7EB9921A0682100C52F98 /* Jump Command.swift */,
				4FA7EB9B21A0691800C52F98 /* Conditional Jump Command.swift */,
				4FA7EBA921A0A55800C52F98 /* Read Command.swift */,
				4FA7EB9F21A06B0D00C52F98 /* Halt Command.swift */,
			);
			path = Commands;
			sourceTree = "<group>";
		};
/* End PBXGroup section */

/* Begin PBXNativeTarget section */
		4F346B6D2199DBE700D6D8AD /* DRAMASimulator */ = {
			isa = PBXNativeTarget;
			buildConfigurationList = 4F346B842199DBEA00D6D8AD /* Build configuration list for PBXNativeTarget "DRAMASimulator" */;
			buildPhases = (
				4F346B6A2199DBE700D6D8AD /* Sources */,
				4F346B6B2199DBE700D6D8AD /* Frameworks */,
				4F346B6C2199DBE700D6D8AD /* Resources */,
			);
			buildRules = (
			);
			dependencies = (
			);
			name = DRAMASimulator;
			productName = DRAMASimulator;
			productReference = 4F346B6E2199DBE700D6D8AD /* DRAMASimulator.app */;
			productType = "com.apple.product-type.application";
		};
/* End PBXNativeTarget section */

/* Begin PBXProject section */
		4F346B662199DBE700D6D8AD /* Project object */ = {
			isa = PBXProject;
			attributes = {
				LastSwiftUpdateCheck = 1010;
				LastUpgradeCheck = 1010;
				ORGANIZATIONNAME = "Constantino Tsarouhas";
				TargetAttributes = {
					4F346B6D2199DBE700D6D8AD = {
						CreatedOnToolsVersion = 10.1;
					};
				};
			};
			buildConfigurationList = 4F346B692199DBE700D6D8AD /* Build configuration list for PBXProject "DRAMASimulator" */;
			compatibilityVersion = "Xcode 10.0";
			developmentRegion = en;
			hasScannedForEncodings = 0;
			knownRegions = (
				en,
				Base,
			);
			mainGroup = 4F346B652199DBE700D6D8AD;
			productRefGroup = 4F346B6F2199DBE700D6D8AD /* Products */;
			projectDirPath = "";
			projectRoot = "";
			targets = (
				4F346B6D2199DBE700D6D8AD /* DRAMASimulator */,
			);
		};
/* End PBXProject section */

/* Begin PBXResourcesBuildPhase section */
		4F346B6C2199DBE700D6D8AD /* Resources */ = {
			isa = PBXResourcesBuildPhase;
			buildActionMask = 2147483647;
			files = (
				4F346B802199DBEA00D6D8AD /* Launch.storyboard in Resources */,
				4F346B7D2199DBEA00D6D8AD /* Assets.xcassets in Resources */,
				4F346B7B2199DBE700D6D8AD /* DRAMASimulator.storyboard in Resources */,
			);
			runOnlyForDeploymentPostprocessing = 0;
		};
/* End PBXResourcesBuildPhase section */

/* Begin PBXSourcesBuildPhase section */
		4F346B6A2199DBE700D6D8AD /* Sources */ = {
			isa = PBXSourcesBuildPhase;
			buildActionMask = 2147483647;
			files = (
				4FFEB7E3219C75140049D0A5 /* Store Command.swift in Sources */,
				4F44C7F4219A4BBE003798AF /* Word.swift in Sources */,
				4F3E7914219A2324008E3E9B /* Address Specification.swift in Sources */,
				4F346B782199DBE700D6D8AD /* Script.swift in Sources */,
				4FFEB7D8219C6EDD0049D0A5 /* Binary Register Command.swift in Sources */,
				4FA7EB9821A0493C00C52F98 /* Word Protocol.swift in Sources */,
				4FA7EBA221A06B8400C52F98 /* Compare Command.swift in Sources */,
				4F346B762199DBE700D6D8AD /* Script View Controller.swift in Sources */,
				4FA7EBAA21A0A55800C52F98 /* Read Command.swift in Sources */,
				4F346B742199DBE700D6D8AD /* Document Browser View Controller.swift in Sources */,
				4FA7EB9A21A0682100C52F98 /* Jump Command.swift in Sources */,
				4F44C7F2219A4426003798AF /* Machine.swift in Sources */,
				4F820F30219B06AB004EE2C9 /* Command.swift in Sources */,
				4F346B722199DBE700D6D8AD /* DRAMASimulator Delegate.swift in Sources */,
				4FFEB7E1219C73650049D0A5 /* Register.swift in Sources */,
				4FA7EBA421A06C4C00C52F98 /* Condition State.swift in Sources */,
				4FA7EB9C21A0691800C52F98 /* Conditional Jump Command.swift in Sources */,
				4F3E791E219A2FC8008E3E9B /* Global.swift in Sources */,
				4FFEB7D4219C6C480049D0A5 /* Nullary Command.swift in Sources */,
				4F3E7910219A2221008E3E9B /* Addressing Mode.swift in Sources */,
				4FFEB7DC219C6EF90049D0A5 /* Register Address Command.swift in Sources */,
				4F3E7916219A25B7008E3E9B /* Condition.swift in Sources */,
				4F3E7918219A2722008E3E9B /* Executable.swift in Sources */,
				4F820F35219B1CD6004EE2C9 /* Instruction.swift in Sources */,
				4FA7EBA021A06B0D00C52F98 /* Halt Command.swift in Sources */,
				4FFEB7DA219C6EE90049D0A5 /* Address Command.swift in Sources */,
				4FFEB7D6219C6ED50049D0A5 /* Unary Register Command.swift in Sources */,
				4FFEB7E5219C75DB0049D0A5 /* Arithmetic Command.swift in Sources */,
				4FFEB7DE219C6F060049D0A5 /* Condition Address Command.swift in Sources */,
				4FFEB7DF219C72D50049D0A5 /* Load Command.swift in Sources */,
				4FA7EBA821A0895E00C52F98 /* Program.swift in Sources */,
				4F44C7F6219A4C40003798AF /* Address Word.swift in Sources */,
			);
			runOnlyForDeploymentPostprocessing = 0;
		};
/* End PBXSourcesBuildPhase section */

/* Begin PBXVariantGroup section */
		4F346B792199DBE700D6D8AD /* DRAMASimulator.storyboard */ = {
			isa = PBXVariantGroup;
			children = (
				4F346B7A2199DBE700D6D8AD /* Base */,
			);
			name = DRAMASimulator.storyboard;
			sourceTree = "<group>";
		};
		4F346B7E2199DBEA00D6D8AD /* Launch.storyboard */ = {
			isa = PBXVariantGroup;
			children = (
				4F346B7F2199DBEA00D6D8AD /* Base */,
			);
			name = Launch.storyboard;
			sourceTree = "<group>";
		};
/* End PBXVariantGroup section */

/* Begin XCBuildConfiguration section */
		4F346B822199DBEA00D6D8AD /* Debug */ = {
			isa = XCBuildConfiguration;
			buildSettings = {
				ALWAYS_SEARCH_USER_PATHS = NO;
				CLANG_ANALYZER_NONNULL = YES;
				CLANG_ANALYZER_NUMBER_OBJECT_CONVERSION = YES_AGGRESSIVE;
				CLANG_ENABLE_MODULES = YES;
				CLANG_ENABLE_OBJC_ARC = YES;
				CLANG_ENABLE_OBJC_WEAK = YES;
				CLANG_WARN_BLOCK_CAPTURE_AUTORELEASING = YES;
				CLANG_WARN_BOOL_CONVERSION = YES;
				CLANG_WARN_COMMA = YES;
				CLANG_WARN_CONSTANT_CONVERSION = YES;
				CLANG_WARN_DEPRECATED_OBJC_IMPLEMENTATIONS = YES;
				CLANG_WARN_DIRECT_OBJC_ISA_USAGE = YES_ERROR;
				CLANG_WARN_DOCUMENTATION_COMMENTS = YES;
				CLANG_WARN_EMPTY_BODY = YES;
				CLANG_WARN_ENUM_CONVERSION = YES;
				CLANG_WARN_INFINITE_RECURSION = YES;
				CLANG_WARN_INT_CONVERSION = YES;
				CLANG_WARN_NON_LITERAL_NULL_CONVERSION = YES;
				CLANG_WARN_OBJC_IMPLICIT_RETAIN_SELF = YES;
				CLANG_WARN_OBJC_LITERAL_CONVERSION = YES;
				CLANG_WARN_OBJC_ROOT_CLASS = YES_ERROR;
				CLANG_WARN_RANGE_LOOP_ANALYSIS = YES;
				CLANG_WARN_STRICT_PROTOTYPES = YES;
				CLANG_WARN_SUSPICIOUS_MOVE = YES;
				CLANG_WARN_UNGUARDED_AVAILABILITY = YES_AGGRESSIVE;
				CLANG_WARN_UNREACHABLE_CODE = YES;
				CLANG_WARN__DUPLICATE_METHOD_MATCH = YES;
				CODE_SIGN_IDENTITY = "iPhone Developer";
				COPY_PHASE_STRIP = NO;
				DEBUG_INFORMATION_FORMAT = dwarf;
				ENABLE_STRICT_OBJC_MSGSEND = YES;
				ENABLE_TESTABILITY = YES;
				GCC_DYNAMIC_NO_PIC = NO;
				GCC_NO_COMMON_BLOCKS = YES;
				GCC_OPTIMIZATION_LEVEL = 0;
				GCC_PREPROCESSOR_DEFINITIONS = (
					"DEBUG=1",
					"$(inherited)",
				);
				GCC_WARN_64_TO_32_BIT_CONVERSION = YES;
				GCC_WARN_ABOUT_RETURN_TYPE = YES_ERROR;
				GCC_WARN_UNDECLARED_SELECTOR = YES;
				GCC_WARN_UNINITIALIZED_AUTOS = YES_AGGRESSIVE;
				GCC_WARN_UNUSED_FUNCTION = YES;
				GCC_WARN_UNUSED_VARIABLE = YES;
				INFOPLIST_FILE = "Support/$(TARGET_NAME).plist";
				IPHONEOS_DEPLOYMENT_TARGET = 12.1;
				MTL_ENABLE_DEBUG_INFO = INCLUDE_SOURCE;
				MTL_FAST_MATH = YES;
				ONLY_ACTIVE_ARCH = YES;
				PRODUCT_BUNDLE_IDENTIFIER = "me.ctxppc.$(TARGET_NAME)";
				PRODUCT_NAME = "$(PROJECT_NAME)";
				SDKROOT = iphoneos;
				SWIFT_ACTIVE_COMPILATION_CONDITIONS = DEBUG;
				SWIFT_OPTIMIZATION_LEVEL = "-Onone";
				SWIFT_VERSION = 4.2;
				TARGETED_DEVICE_FAMILY = "1,2";
			};
			name = Debug;
		};
		4F346B832199DBEA00D6D8AD /* Release */ = {
			isa = XCBuildConfiguration;
			buildSettings = {
				ALWAYS_SEARCH_USER_PATHS = NO;
				CLANG_ANALYZER_NONNULL = YES;
				CLANG_ANALYZER_NUMBER_OBJECT_CONVERSION = YES_AGGRESSIVE;
				CLANG_ENABLE_MODULES = YES;
				CLANG_ENABLE_OBJC_ARC = YES;
				CLANG_ENABLE_OBJC_WEAK = YES;
				CLANG_WARN_BLOCK_CAPTURE_AUTORELEASING = YES;
				CLANG_WARN_BOOL_CONVERSION = YES;
				CLANG_WARN_COMMA = YES;
				CLANG_WARN_CONSTANT_CONVERSION = YES;
				CLANG_WARN_DEPRECATED_OBJC_IMPLEMENTATIONS = YES;
				CLANG_WARN_DIRECT_OBJC_ISA_USAGE = YES_ERROR;
				CLANG_WARN_DOCUMENTATION_COMMENTS = YES;
				CLANG_WARN_EMPTY_BODY = YES;
				CLANG_WARN_ENUM_CONVERSION = YES;
				CLANG_WARN_INFINITE_RECURSION = YES;
				CLANG_WARN_INT_CONVERSION = YES;
				CLANG_WARN_NON_LITERAL_NULL_CONVERSION = YES;
				CLANG_WARN_OBJC_IMPLICIT_RETAIN_SELF = YES;
				CLANG_WARN_OBJC_LITERAL_CONVERSION = YES;
				CLANG_WARN_OBJC_ROOT_CLASS = YES_ERROR;
				CLANG_WARN_RANGE_LOOP_ANALYSIS = YES;
				CLANG_WARN_STRICT_PROTOTYPES = YES;
				CLANG_WARN_SUSPICIOUS_MOVE = YES;
				CLANG_WARN_UNGUARDED_AVAILABILITY = YES_AGGRESSIVE;
				CLANG_WARN_UNREACHABLE_CODE = YES;
				CLANG_WARN__DUPLICATE_METHOD_MATCH = YES;
				CODE_SIGN_IDENTITY = "iPhone Developer";
				COPY_PHASE_STRIP = NO;
				DEBUG_INFORMATION_FORMAT = "dwarf-with-dsym";
				ENABLE_NS_ASSERTIONS = NO;
				ENABLE_STRICT_OBJC_MSGSEND = YES;
				GCC_NO_COMMON_BLOCKS = YES;
				GCC_WARN_64_TO_32_BIT_CONVERSION = YES;
				GCC_WARN_ABOUT_RETURN_TYPE = YES_ERROR;
				GCC_WARN_UNDECLARED_SELECTOR = YES;
				GCC_WARN_UNINITIALIZED_AUTOS = YES_AGGRESSIVE;
				GCC_WARN_UNUSED_FUNCTION = YES;
				GCC_WARN_UNUSED_VARIABLE = YES;
				INFOPLIST_FILE = "Support/$(TARGET_NAME).plist";
				IPHONEOS_DEPLOYMENT_TARGET = 12.1;
				MTL_ENABLE_DEBUG_INFO = NO;
				MTL_FAST_MATH = YES;
				PRODUCT_BUNDLE_IDENTIFIER = "me.ctxppc.$(TARGET_NAME)";
				PRODUCT_NAME = "$(PROJECT_NAME)";
				SDKROOT = iphoneos;
				SWIFT_COMPILATION_MODE = wholemodule;
				SWIFT_OPTIMIZATION_LEVEL = "-O";
				SWIFT_VERSION = 4.2;
				TARGETED_DEVICE_FAMILY = "1,2";
				VALIDATE_PRODUCT = YES;
			};
			name = Release;
		};
		4F346B852199DBEA00D6D8AD /* Debug */ = {
			isa = XCBuildConfiguration;
			buildSettings = {
				ASSETCATALOG_COMPILER_APPICON_NAME = AppIcon;
				CODE_SIGN_STYLE = Automatic;
				DEVELOPMENT_TEAM = RHHVBP3SJ2;
				LD_RUNPATH_SEARCH_PATHS = (
					"$(inherited)",
					"@executable_path/Frameworks",
				);
			};
			name = Debug;
		};
		4F346B862199DBEA00D6D8AD /* Release */ = {
			isa = XCBuildConfiguration;
			buildSettings = {
				ASSETCATALOG_COMPILER_APPICON_NAME = AppIcon;
				CODE_SIGN_STYLE = Automatic;
				DEVELOPMENT_TEAM = RHHVBP3SJ2;
				LD_RUNPATH_SEARCH_PATHS = (
					"$(inherited)",
					"@executable_path/Frameworks",
				);
			};
			name = Release;
		};
/* End XCBuildConfiguration section */

/* Begin XCConfigurationList section */
		4F346B692199DBE700D6D8AD /* Build configuration list for PBXProject "DRAMASimulator" */ = {
			isa = XCConfigurationList;
			buildConfigurations = (
				4F346B822199DBEA00D6D8AD /* Debug */,
				4F346B832199DBEA00D6D8AD /* Release */,
			);
			defaultConfigurationIsVisible = 0;
			defaultConfigurationName = Release;
		};
		4F346B842199DBEA00D6D8AD /* Build configuration list for PBXNativeTarget "DRAMASimulator" */ = {
			isa = XCConfigurationList;
			buildConfigurations = (
				4F346B852199DBEA00D6D8AD /* Debug */,
				4F346B862199DBEA00D6D8AD /* Release */,
			);
			defaultConfigurationIsVisible = 0;
			defaultConfigurationName = Release;
		};
/* End XCConfigurationList section */
	};
	rootObject = 4F346B662199DBE700D6D8AD /* Project object */;
}
