// !$*UTF8*$!
{
	archiveVersion = 1;
	classes = {
	};
	objectVersion = 52;
	objects = {

/* Begin PBXBuildFile section */
		4F05309A254C9A7000DDDCB7 /* Statement.swift in Sources */ = {isa = PBXBuildFile; fileRef = 4F053099254C9A7000DDDCB7 /* Statement.swift */; };
		4F05309E254C9E5800DDDCB7 /* Program Terminator Lexeme.swift in Sources */ = {isa = PBXBuildFile; fileRef = 4F05309D254C9E5800DDDCB7 /* Program Terminator Lexeme.swift */; };
		4F0BFEE125128E3F00ECC4D2 /* Memory.swift in Sources */ = {isa = PBXBuildFile; fileRef = 4F0BFEE025128E3F00ECC4D2 /* Memory.swift */; };
		4F0DA00F251389A600311BD2 /* Split View.swift in Sources */ = {isa = PBXBuildFile; fileRef = 4F0DA00E251389A600311BD2 /* Split View.swift */; };
		4F139C0221A3104100F817A6 /* Script Editing Controller.swift in Sources */ = {isa = PBXBuildFile; fileRef = 4F139C0121A3104100F817A6 /* Script Editing Controller.swift */; };
		4F166EDA21B983D7001A8749 /* Source Range.swift in Sources */ = {isa = PBXBuildFile; fileRef = 4F166ED921B983D7001A8749 /* Source Range.swift */; };
		4F2DBCE7255071D200C9A2E4 /* Translation Unit.swift in Sources */ = {isa = PBXBuildFile; fileRef = 4F2DBCE6255071D200C9A2E4 /* Translation Unit.swift */; };
		4F346B782199DBE700D6D8AD /* Document.swift in Sources */ = {isa = PBXBuildFile; fileRef = 4F346B772199DBE700D6D8AD /* Document.swift */; };
		4F346B7B2199DBE700D6D8AD /* DRAMASimulator.storyboard in Resources */ = {isa = PBXBuildFile; fileRef = 4F346B792199DBE700D6D8AD /* DRAMASimulator.storyboard */; };
		4F346B7D2199DBEA00D6D8AD /* Assets.xcassets in Resources */ = {isa = PBXBuildFile; fileRef = 4F346B7C2199DBEA00D6D8AD /* Assets.xcassets */; };
		4F346B802199DBEA00D6D8AD /* Launch.storyboard in Resources */ = {isa = PBXBuildFile; fileRef = 4F346B7E2199DBEA00D6D8AD /* Launch.storyboard */; };
		4F35A3CE21A0D6EA00A4610D /* Command Word.swift in Sources */ = {isa = PBXBuildFile; fileRef = 4F35A3CD21A0D6EA00A4610D /* Command Word.swift */; };
		4F391DDF254A3D3000945B7E /* Lexeme.swift in Sources */ = {isa = PBXBuildFile; fileRef = 4F391DDE254A3D3000945B7E /* Lexeme.swift */; };
		4F391DE2254A406100945B7E /* Register Lexeme.swift in Sources */ = {isa = PBXBuildFile; fileRef = 4F391DE1254A406100945B7E /* Register Lexeme.swift */; };
		4F391DE5254A46F700945B7E /* Identifier Lexeme.swift in Sources */ = {isa = PBXBuildFile; fileRef = 4F391DE4254A46F700945B7E /* Identifier Lexeme.swift */; };
		4F391DE8254A4A7000945B7E /* Addressing Mode Lexeme.swift in Sources */ = {isa = PBXBuildFile; fileRef = 4F391DE7254A4A7000945B7E /* Addressing Mode Lexeme.swift */; };
		4F391DEB254A4B2F00945B7E /* Literal Lexeme.swift in Sources */ = {isa = PBXBuildFile; fileRef = 4F391DEA254A4B2F00945B7E /* Literal Lexeme.swift */; };
		4F391DF1254A4C2E00945B7E /* Label Marker Lexeme.swift in Sources */ = {isa = PBXBuildFile; fileRef = 4F391DF0254A4C2E00945B7E /* Label Marker Lexeme.swift */; };
		4F391DF5254A4CAF00945B7E /* Index Register Scope Lexeme.swift in Sources */ = {isa = PBXBuildFile; fileRef = 4F391DF4254A4CAF00945B7E /* Index Register Scope Lexeme.swift */; };
		4F391DF8254A4D7B00945B7E /* Arithmetic Operator.swift in Sources */ = {isa = PBXBuildFile; fileRef = 4F391DF7254A4D7B00945B7E /* Arithmetic Operator.swift */; };
		4F391DFB254A4ECC00945B7E /* Arithmetic Operator Lexeme.swift in Sources */ = {isa = PBXBuildFile; fileRef = 4F391DFA254A4ECC00945B7E /* Arithmetic Operator Lexeme.swift */; };
		4F3E7910219A2221008E3E9B /* Addressing Mode.swift in Sources */ = {isa = PBXBuildFile; fileRef = 4F3E790F219A2221008E3E9B /* Addressing Mode.swift */; };
		4F3E7916219A25B7008E3E9B /* Condition.swift in Sources */ = {isa = PBXBuildFile; fileRef = 4F3E7915219A25B7008E3E9B /* Condition.swift */; };
		4F3FFA772556FA3E00AF1DB9 /* Source Unit.swift in Sources */ = {isa = PBXBuildFile; fileRef = 4F3FFA762556FA3E00AF1DB9 /* Source Unit.swift */; };
		4F44C7F2219A4426003798AF /* Machine.swift in Sources */ = {isa = PBXBuildFile; fileRef = 4F44C7F1219A4426003798AF /* Machine.swift */; };
		4F44C7F4219A4BBE003798AF /* Machine Word.swift in Sources */ = {isa = PBXBuildFile; fileRef = 4F44C7F3219A4BBE003798AF /* Machine Word.swift */; };
		4F44C7F6219A4C40003798AF /* Address Word.swift in Sources */ = {isa = PBXBuildFile; fileRef = 4F44C7F5219A4C40003798AF /* Address Word.swift */; };
		4F4FA73D21A5AB5C00C1D2C7 /* Stack Command.swift in Sources */ = {isa = PBXBuildFile; fileRef = 4F4FA73C21A5AB5C00C1D2C7 /* Stack Command.swift */; };
		4F4FA73F21A5AD6800C1D2C7 /* Print Command.swift in Sources */ = {isa = PBXBuildFile; fileRef = 4F4FA73E21A5AD6800C1D2C7 /* Print Command.swift */; };
		4F58696E254EF6B40074B561 /* Script.swift in Sources */ = {isa = PBXBuildFile; fileRef = 4F58696D254EF6B40074B561 /* Script.swift */; };
		4F58697E254F2C800074B561 /* Value Operand.swift in Sources */ = {isa = PBXBuildFile; fileRef = 4F3E7913219A2324008E3E9B /* Value Operand.swift */; };
		4F5C7842254A3AB200A9961B /* Lexer.swift in Sources */ = {isa = PBXBuildFile; fileRef = 4F5C7841254A3AB200A9961B /* Lexer.swift */; };
		4F63EC6521B3057800F00E9B /* Subroutine Jump Command.swift in Sources */ = {isa = PBXBuildFile; fileRef = 4F63EC6421B3057800F00E9B /* Subroutine Jump Command.swift */; };
		4F63EC6721B3058000F00E9B /* Subroutine Return Command.swift in Sources */ = {isa = PBXBuildFile; fileRef = 4F63EC6621B3058000F00E9B /* Subroutine Return Command.swift */; };
		4F7E75AF25575F6200030809 /* Unconditional Jump Directive.swift in Sources */ = {isa = PBXBuildFile; fileRef = 4F7E75AE25575F6200030809 /* Unconditional Jump Directive.swift */; };
		4F7E75B62557622300030809 /* Preprocessor Variable Access Lexeme.swift in Sources */ = {isa = PBXBuildFile; fileRef = 4F7E75B52557622300030809 /* Preprocessor Variable Access Lexeme.swift */; };
		4F7E75BA2557624F00030809 /* Preprocessor Label Lexeme.swift in Sources */ = {isa = PBXBuildFile; fileRef = 4F7E75B92557624F00030809 /* Preprocessor Label Lexeme.swift */; };
		4F820F30219B06AB004EE2C9 /* Command.swift in Sources */ = {isa = PBXBuildFile; fileRef = 4F820F2F219B06AB004EE2C9 /* Command.swift */; };
		4F820F35219B1CD6004EE2C9 /* Instruction.swift in Sources */ = {isa = PBXBuildFile; fileRef = 4F3E790B219A1FBE008E3E9B /* Instruction.swift */; };
		4F87EF86254DAFA300B3D9A7 /* Argument Separator Lexeme.swift in Sources */ = {isa = PBXBuildFile; fileRef = 4F87EF85254DAFA300B3D9A7 /* Argument Separator Lexeme.swift */; };
		4F87EF89254DAFFA00B3D9A7 /* Condition Lexeme.swift in Sources */ = {isa = PBXBuildFile; fileRef = 4F87EF88254DAFFA00B3D9A7 /* Condition Lexeme.swift */; };
		4F87EF8C254DB22C00B3D9A7 /* Construct.swift in Sources */ = {isa = PBXBuildFile; fileRef = 4F87EF8B254DB22C00B3D9A7 /* Construct.swift */; };
		4F87EF93254DE32900B3D9A7 /* Command Statement.swift in Sources */ = {isa = PBXBuildFile; fileRef = 4F87EF92254DE32900B3D9A7 /* Command Statement.swift */; };
		4F87EF96254DE3F600B3D9A7 /* Command Statement Argument.swift in Sources */ = {isa = PBXBuildFile; fileRef = 4F87EF95254DE3F600B3D9A7 /* Command Statement Argument.swift */; };
		4F87EFA2254E001B00B3D9A7 /* Value Statement.swift in Sources */ = {isa = PBXBuildFile; fileRef = 4F87EFA1254E001B00B3D9A7 /* Value Statement.swift */; };
		4F87EFA5254E020E00B3D9A7 /* Allocation Statement.swift in Sources */ = {isa = PBXBuildFile; fileRef = 4F87EFA4254E020E00B3D9A7 /* Allocation Statement.swift */; };
		4F87EFA8254E033500B3D9A7 /* Compilation Unit.swift in Sources */ = {isa = PBXBuildFile; fileRef = 4F87EFA7254E033500B3D9A7 /* Compilation Unit.swift */; };
		4F87EFAB254E045100B3D9A7 /* Label Construct.swift in Sources */ = {isa = PBXBuildFile; fileRef = 4F87EFAA254E045100B3D9A7 /* Label Construct.swift */; };
		4F8D1B2C251260A8002E2BE9 /* DepthKit in Frameworks */ = {isa = PBXBuildFile; productRef = 4F8D1B2B251260A8002E2BE9 /* DepthKit */; };
		4F8D1B2F251260B3002E2BE9 /* Application.swift in Sources */ = {isa = PBXBuildFile; fileRef = 4F8D1B2E251260B3002E2BE9 /* Application.swift */; };
		4F8D1B3925126700002E2BE9 /* Script Editor.swift in Sources */ = {isa = PBXBuildFile; fileRef = 4F8D1B3825126700002E2BE9 /* Script Editor.swift */; };
		4F8D1B402512715F002E2BE9 /* Document View.swift in Sources */ = {isa = PBXBuildFile; fileRef = 4F8D1B3F2512715F002E2BE9 /* Document View.swift */; };
		4F8D1B4525127CD0002E2BE9 /* Machine View.swift in Sources */ = {isa = PBXBuildFile; fileRef = 4F8D1B4425127CD0002E2BE9 /* Machine View.swift */; };
		4F960D4A2513D4800097B863 /* TODO.swift in Sources */ = {isa = PBXBuildFile; fileRef = 4F960D492513D4800097B863 /* TODO.swift */; };
		4F989D2B254A3C05009F42E7 /* Parser.swift in Sources */ = {isa = PBXBuildFile; fileRef = 4F989D2A254A3C05009F42E7 /* Parser.swift */; };
		4FA523DD21B423DD00BE1FF2 /* Directive.swift in Sources */ = {isa = PBXBuildFile; fileRef = 4FA523DC21B423DD00BE1FF2 /* Directive.swift */; };
		4FA523DF21B4263800BE1FF2 /* Macro Definition.swift in Sources */ = {isa = PBXBuildFile; fileRef = 4FA523DE21B4263800BE1FF2 /* Macro Definition.swift */; };
		4FA523E321B4278E00BE1FF2 /* Value Directive.swift in Sources */ = {isa = PBXBuildFile; fileRef = 4FA523E221B4278E00BE1FF2 /* Value Directive.swift */; };
		4FA523E521B4279700BE1FF2 /* Fail Directive.swift in Sources */ = {isa = PBXBuildFile; fileRef = 4FA523E421B4279700BE1FF2 /* Fail Directive.swift */; };
		4FA523E721B427B000BE1FF2 /* Preprocessor.swift in Sources */ = {isa = PBXBuildFile; fileRef = 4FA523E621B427B000BE1FF2 /* Preprocessor.swift */; };
		4FA523E921B4298200BE1FF2 /* Assignment Directive.swift in Sources */ = {isa = PBXBuildFile; fileRef = 4FA523E821B4298200BE1FF2 /* Assignment Directive.swift */; };
		4FA523EB21B4299800BE1FF2 /* Invocation Directive.swift in Sources */ = {isa = PBXBuildFile; fileRef = 4FA523EA21B4299800BE1FF2 /* Invocation Directive.swift */; };
		4FA523ED21B429A600BE1FF2 /* Null Directive.swift in Sources */ = {isa = PBXBuildFile; fileRef = 4FA523EC21B429A600BE1FF2 /* Null Directive.swift */; };
		4FA523EF21B429B700BE1FF2 /* Conditional Jump Directive.swift in Sources */ = {isa = PBXBuildFile; fileRef = 4FA523EE21B429B700BE1FF2 /* Conditional Jump Directive.swift */; };
		4FA523F121B42CF200BE1FF2 /* Comparison Directive.swift in Sources */ = {isa = PBXBuildFile; fileRef = 4FA523F021B42CF200BE1FF2 /* Comparison Directive.swift */; };
		4FA5A4E721AB210000799084 /* Timeline.swift in Sources */ = {isa = PBXBuildFile; fileRef = 4FA5A4E621AB210000799084 /* Timeline.swift */; };
		4FA7EB9821A0493C00C52F98 /* Word.swift in Sources */ = {isa = PBXBuildFile; fileRef = 4FA7EB9721A0493C00C52F98 /* Word.swift */; };
		4FA7EB9A21A0682100C52F98 /* Jump Command.swift in Sources */ = {isa = PBXBuildFile; fileRef = 4FA7EB9921A0682100C52F98 /* Jump Command.swift */; };
		4FA7EB9C21A0691800C52F98 /* Conditional Jump Command.swift in Sources */ = {isa = PBXBuildFile; fileRef = 4FA7EB9B21A0691800C52F98 /* Conditional Jump Command.swift */; };
		4FA7EBA021A06B0D00C52F98 /* Halt Command.swift in Sources */ = {isa = PBXBuildFile; fileRef = 4FA7EB9F21A06B0D00C52F98 /* Halt Command.swift */; };
		4FA7EBA221A06B8400C52F98 /* Compare Command.swift in Sources */ = {isa = PBXBuildFile; fileRef = 4FA7EBA121A06B8400C52F98 /* Compare Command.swift */; };
		4FA7EBA421A06C4C00C52F98 /* Condition State.swift in Sources */ = {isa = PBXBuildFile; fileRef = 4FA7EBA321A06C4C00C52F98 /* Condition State.swift */; };
		4FA7EBA821A0895E00C52F98 /* Program.swift in Sources */ = {isa = PBXBuildFile; fileRef = 4FA7EBA721A0895E00C52F98 /* Program.swift */; };
		4FA7EBAA21A0A55800C52F98 /* Read Command.swift in Sources */ = {isa = PBXBuildFile; fileRef = 4FA7EBA921A0A55800C52F98 /* Read Command.swift */; };
		4FD3AC10254C75D800F17679 /* Unrecognised Lexeme.swift in Sources */ = {isa = PBXBuildFile; fileRef = 4FD3AC0F254C75D800F17679 /* Unrecognised Lexeme.swift */; };
		4FD3AC13254C781E00F17679 /* Comment Lexeme.swift in Sources */ = {isa = PBXBuildFile; fileRef = 4FD3AC12254C781E00F17679 /* Comment Lexeme.swift */; };
		4FD3AC17254C7C1E00F17679 /* Statement Terminator Lexeme.swift in Sources */ = {isa = PBXBuildFile; fileRef = 4FD3AC16254C7C1E00F17679 /* Statement Terminator Lexeme.swift */; };
		4FFD1A5F21BEA27E00D51B49 /* Macro Expansion.swift in Sources */ = {isa = PBXBuildFile; fileRef = 4FFD1A5E21BEA27E00D51B49 /* Macro Expansion.swift */; };
		4FFEB7D4219C6C480049D0A5 /* Nullary Command.swift in Sources */ = {isa = PBXBuildFile; fileRef = 4FFEB7D3219C6C480049D0A5 /* Nullary Command.swift */; };
		4FFEB7D6219C6ED50049D0A5 /* Unary Register Command.swift in Sources */ = {isa = PBXBuildFile; fileRef = 4FFEB7D5219C6ED50049D0A5 /* Unary Register Command.swift */; };
		4FFEB7D8219C6EDD0049D0A5 /* Binary Register Command.swift in Sources */ = {isa = PBXBuildFile; fileRef = 4FFEB7D7219C6EDD0049D0A5 /* Binary Register Command.swift */; };
		4FFEB7DA219C6EE90049D0A5 /* Address Command.swift in Sources */ = {isa = PBXBuildFile; fileRef = 4FFEB7D9219C6EE90049D0A5 /* Address Command.swift */; };
		4FFEB7DC219C6EF90049D0A5 /* Register Address Command.swift in Sources */ = {isa = PBXBuildFile; fileRef = 4FFEB7DB219C6EF90049D0A5 /* Register Address Command.swift */; };
		4FFEB7DE219C6F060049D0A5 /* Condition Address Command.swift in Sources */ = {isa = PBXBuildFile; fileRef = 4FFEB7DD219C6F060049D0A5 /* Condition Address Command.swift */; };
		4FFEB7DF219C72D50049D0A5 /* Load Command.swift in Sources */ = {isa = PBXBuildFile; fileRef = 4F820F33219B1614004EE2C9 /* Load Command.swift */; };
		4FFEB7E1219C73650049D0A5 /* Register.swift in Sources */ = {isa = PBXBuildFile; fileRef = 4FFEB7E0219C73650049D0A5 /* Register.swift */; };
		4FFEB7E3219C75140049D0A5 /* Store Command.swift in Sources */ = {isa = PBXBuildFile; fileRef = 4FFEB7E2219C75140049D0A5 /* Store Command.swift */; };
		4FFEB7E5219C75DB0049D0A5 /* Arithmetic Command.swift in Sources */ = {isa = PBXBuildFile; fileRef = 4FFEB7E4219C75DB0049D0A5 /* Arithmetic Command.swift */; };
/* End PBXBuildFile section */

/* Begin PBXFileReference section */
		4F053099254C9A7000DDDCB7 /* Statement.swift */ = {isa = PBXFileReference; lastKnownFileType = sourcecode.swift; path = Statement.swift; sourceTree = "<group>"; };
		4F05309D254C9E5800DDDCB7 /* Program Terminator Lexeme.swift */ = {isa = PBXFileReference; lastKnownFileType = sourcecode.swift; path = "Program Terminator Lexeme.swift"; sourceTree = "<group>"; };
		4F0BFEE025128E3F00ECC4D2 /* Memory.swift */ = {isa = PBXFileReference; lastKnownFileType = sourcecode.swift; path = Memory.swift; sourceTree = "<group>"; };
		4F0DA00E251389A600311BD2 /* Split View.swift */ = {isa = PBXFileReference; lastKnownFileType = sourcecode.swift; path = "Split View.swift"; sourceTree = "<group>"; };
		4F139C0121A3104100F817A6 /* Script Editing Controller.swift */ = {isa = PBXFileReference; lastKnownFileType = sourcecode.swift; path = "Script Editing Controller.swift"; sourceTree = "<group>"; };
		4F166ED921B983D7001A8749 /* Source Range.swift */ = {isa = PBXFileReference; lastKnownFileType = sourcecode.swift; path = "Source Range.swift"; sourceTree = "<group>"; };
		4F2DBCE6255071D200C9A2E4 /* Translation Unit.swift */ = {isa = PBXFileReference; lastKnownFileType = sourcecode.swift; path = "Translation Unit.swift"; sourceTree = "<group>"; };
		4F346B6E2199DBE700D6D8AD /* DRAMA.app */ = {isa = PBXFileReference; explicitFileType = wrapper.application; includeInIndex = 0; path = DRAMA.app; sourceTree = BUILT_PRODUCTS_DIR; };
		4F346B772199DBE700D6D8AD /* Document.swift */ = {isa = PBXFileReference; lastKnownFileType = sourcecode.swift; path = Document.swift; sourceTree = "<group>"; };
		4F346B7A2199DBE700D6D8AD /* Base */ = {isa = PBXFileReference; lastKnownFileType = file.storyboard; name = Base; path = Base.lproj/DRAMASimulator.storyboard; sourceTree = "<group>"; };
		4F346B7C2199DBEA00D6D8AD /* Assets.xcassets */ = {isa = PBXFileReference; lastKnownFileType = folder.assetcatalog; path = Assets.xcassets; sourceTree = "<group>"; };
		4F346B7F2199DBEA00D6D8AD /* Base */ = {isa = PBXFileReference; lastKnownFileType = file.storyboard; name = Base; path = Base.lproj/Launch.storyboard; sourceTree = "<group>"; };
		4F346B812199DBEA00D6D8AD /* DRAMASimulator.plist */ = {isa = PBXFileReference; lastKnownFileType = text.plist.xml; path = DRAMASimulator.plist; sourceTree = "<group>"; };
		4F35A3CD21A0D6EA00A4610D /* Command Word.swift */ = {isa = PBXFileReference; lastKnownFileType = sourcecode.swift; path = "Command Word.swift"; sourceTree = "<group>"; };
		4F391DDE254A3D3000945B7E /* Lexeme.swift */ = {isa = PBXFileReference; lastKnownFileType = sourcecode.swift; path = Lexeme.swift; sourceTree = "<group>"; };
		4F391DE1254A406100945B7E /* Register Lexeme.swift */ = {isa = PBXFileReference; lastKnownFileType = sourcecode.swift; path = "Register Lexeme.swift"; sourceTree = "<group>"; };
		4F391DE4254A46F700945B7E /* Identifier Lexeme.swift */ = {isa = PBXFileReference; lastKnownFileType = sourcecode.swift; path = "Identifier Lexeme.swift"; sourceTree = "<group>"; };
		4F391DE7254A4A7000945B7E /* Addressing Mode Lexeme.swift */ = {isa = PBXFileReference; fileEncoding = 4; lastKnownFileType = sourcecode.swift; path = "Addressing Mode Lexeme.swift"; sourceTree = "<group>"; };
		4F391DEA254A4B2F00945B7E /* Literal Lexeme.swift */ = {isa = PBXFileReference; fileEncoding = 4; lastKnownFileType = sourcecode.swift; path = "Literal Lexeme.swift"; sourceTree = "<group>"; };
		4F391DF0254A4C2E00945B7E /* Label Marker Lexeme.swift */ = {isa = PBXFileReference; lastKnownFileType = sourcecode.swift; path = "Label Marker Lexeme.swift"; sourceTree = "<group>"; };
		4F391DF4254A4CAF00945B7E /* Index Register Scope Lexeme.swift */ = {isa = PBXFileReference; lastKnownFileType = sourcecode.swift; path = "Index Register Scope Lexeme.swift"; sourceTree = "<group>"; };
		4F391DF7254A4D7B00945B7E /* Arithmetic Operator.swift */ = {isa = PBXFileReference; lastKnownFileType = sourcecode.swift; path = "Arithmetic Operator.swift"; sourceTree = "<group>"; };
		4F391DFA254A4ECC00945B7E /* Arithmetic Operator Lexeme.swift */ = {isa = PBXFileReference; fileEncoding = 4; lastKnownFileType = sourcecode.swift; path = "Arithmetic Operator Lexeme.swift"; sourceTree = "<group>"; };
		4F3E790B219A1FBE008E3E9B /* Instruction.swift */ = {isa = PBXFileReference; lastKnownFileType = sourcecode.swift; path = Instruction.swift; sourceTree = "<group>"; };
		4F3E790F219A2221008E3E9B /* Addressing Mode.swift */ = {isa = PBXFileReference; lastKnownFileType = sourcecode.swift; path = "Addressing Mode.swift"; sourceTree = "<group>"; };
		4F3E7913219A2324008E3E9B /* Value Operand.swift */ = {isa = PBXFileReference; lastKnownFileType = sourcecode.swift; path = "Value Operand.swift"; sourceTree = "<group>"; };
		4F3E7915219A25B7008E3E9B /* Condition.swift */ = {isa = PBXFileReference; lastKnownFileType = sourcecode.swift; path = Condition.swift; sourceTree = "<group>"; };
		4F3FFA762556FA3E00AF1DB9 /* Source Unit.swift */ = {isa = PBXFileReference; lastKnownFileType = sourcecode.swift; path = "Source Unit.swift"; sourceTree = "<group>"; };
		4F44C7F1219A4426003798AF /* Machine.swift */ = {isa = PBXFileReference; lastKnownFileType = sourcecode.swift; path = Machine.swift; sourceTree = "<group>"; };
		4F44C7F3219A4BBE003798AF /* Machine Word.swift */ = {isa = PBXFileReference; lastKnownFileType = sourcecode.swift; path = "Machine Word.swift"; sourceTree = "<group>"; };
		4F44C7F5219A4C40003798AF /* Address Word.swift */ = {isa = PBXFileReference; lastKnownFileType = sourcecode.swift; path = "Address Word.swift"; sourceTree = "<group>"; };
		4F4E40EE252611AA0017F0E2 /* DRAMASimulator.entitlements */ = {isa = PBXFileReference; lastKnownFileType = text.plist.entitlements; path = DRAMASimulator.entitlements; sourceTree = "<group>"; };
		4F4FA73C21A5AB5C00C1D2C7 /* Stack Command.swift */ = {isa = PBXFileReference; lastKnownFileType = sourcecode.swift; path = "Stack Command.swift"; sourceTree = "<group>"; };
		4F4FA73E21A5AD6800C1D2C7 /* Print Command.swift */ = {isa = PBXFileReference; lastKnownFileType = sourcecode.swift; path = "Print Command.swift"; sourceTree = "<group>"; };
		4F58696D254EF6B40074B561 /* Script.swift */ = {isa = PBXFileReference; lastKnownFileType = sourcecode.swift; path = Script.swift; sourceTree = "<group>"; };
		4F5C7841254A3AB200A9961B /* Lexer.swift */ = {isa = PBXFileReference; lastKnownFileType = sourcecode.swift; path = Lexer.swift; sourceTree = "<group>"; };
		4F63EC6421B3057800F00E9B /* Subroutine Jump Command.swift */ = {isa = PBXFileReference; lastKnownFileType = sourcecode.swift; path = "Subroutine Jump Command.swift"; sourceTree = "<group>"; };
		4F63EC6621B3058000F00E9B /* Subroutine Return Command.swift */ = {isa = PBXFileReference; lastKnownFileType = sourcecode.swift; path = "Subroutine Return Command.swift"; sourceTree = "<group>"; };
		4F7E75AE25575F6200030809 /* Unconditional Jump Directive.swift */ = {isa = PBXFileReference; fileEncoding = 4; lastKnownFileType = sourcecode.swift; path = "Unconditional Jump Directive.swift"; sourceTree = "<group>"; };
		4F7E75B52557622300030809 /* Preprocessor Variable Access Lexeme.swift */ = {isa = PBXFileReference; lastKnownFileType = sourcecode.swift; path = "Preprocessor Variable Access Lexeme.swift"; sourceTree = "<group>"; };
		4F7E75B92557624F00030809 /* Preprocessor Label Lexeme.swift */ = {isa = PBXFileReference; lastKnownFileType = sourcecode.swift; path = "Preprocessor Label Lexeme.swift"; sourceTree = "<group>"; };
		4F820F2F219B06AB004EE2C9 /* Command.swift */ = {isa = PBXFileReference; fileEncoding = 4; lastKnownFileType = sourcecode.swift; path = Command.swift; sourceTree = "<group>"; };
		4F820F33219B1614004EE2C9 /* Load Command.swift */ = {isa = PBXFileReference; lastKnownFileType = sourcecode.swift; path = "Load Command.swift"; sourceTree = "<group>"; };
		4F87EF85254DAFA300B3D9A7 /* Argument Separator Lexeme.swift */ = {isa = PBXFileReference; fileEncoding = 4; lastKnownFileType = sourcecode.swift; path = "Argument Separator Lexeme.swift"; sourceTree = "<group>"; };
		4F87EF88254DAFFA00B3D9A7 /* Condition Lexeme.swift */ = {isa = PBXFileReference; fileEncoding = 4; lastKnownFileType = sourcecode.swift; path = "Condition Lexeme.swift"; sourceTree = "<group>"; };
		4F87EF8B254DB22C00B3D9A7 /* Construct.swift */ = {isa = PBXFileReference; lastKnownFileType = sourcecode.swift; path = Construct.swift; sourceTree = "<group>"; };
		4F87EF92254DE32900B3D9A7 /* Command Statement.swift */ = {isa = PBXFileReference; lastKnownFileType = sourcecode.swift; path = "Command Statement.swift"; sourceTree = "<group>"; };
		4F87EF95254DE3F600B3D9A7 /* Command Statement Argument.swift */ = {isa = PBXFileReference; lastKnownFileType = sourcecode.swift; path = "Command Statement Argument.swift"; sourceTree = "<group>"; };
		4F87EFA1254E001B00B3D9A7 /* Value Statement.swift */ = {isa = PBXFileReference; lastKnownFileType = sourcecode.swift; path = "Value Statement.swift"; sourceTree = "<group>"; };
		4F87EFA4254E020E00B3D9A7 /* Allocation Statement.swift */ = {isa = PBXFileReference; fileEncoding = 4; lastKnownFileType = sourcecode.swift; path = "Allocation Statement.swift"; sourceTree = "<group>"; };
		4F87EFA7254E033500B3D9A7 /* Compilation Unit.swift */ = {isa = PBXFileReference; lastKnownFileType = sourcecode.swift; path = "Compilation Unit.swift"; sourceTree = "<group>"; };
		4F87EFAA254E045100B3D9A7 /* Label Construct.swift */ = {isa = PBXFileReference; lastKnownFileType = sourcecode.swift; path = "Label Construct.swift"; sourceTree = "<group>"; };
		4F8D1B2E251260B3002E2BE9 /* Application.swift */ = {isa = PBXFileReference; lastKnownFileType = sourcecode.swift; path = Application.swift; sourceTree = "<group>"; };
		4F8D1B3825126700002E2BE9 /* Script Editor.swift */ = {isa = PBXFileReference; lastKnownFileType = sourcecode.swift; path = "Script Editor.swift"; sourceTree = "<group>"; };
		4F8D1B3F2512715F002E2BE9 /* Document View.swift */ = {isa = PBXFileReference; lastKnownFileType = sourcecode.swift; path = "Document View.swift"; sourceTree = "<group>"; };
		4F8D1B4425127CD0002E2BE9 /* Machine View.swift */ = {isa = PBXFileReference; lastKnownFileType = sourcecode.swift; path = "Machine View.swift"; sourceTree = "<group>"; };
		4F960D492513D4800097B863 /* TODO.swift */ = {isa = PBXFileReference; lastKnownFileType = sourcecode.swift; path = TODO.swift; sourceTree = "<group>"; };
		4F989D2A254A3C05009F42E7 /* Parser.swift */ = {isa = PBXFileReference; lastKnownFileType = sourcecode.swift; path = Parser.swift; sourceTree = "<group>"; };
		4FA523DC21B423DD00BE1FF2 /* Directive.swift */ = {isa = PBXFileReference; lastKnownFileType = sourcecode.swift; path = Directive.swift; sourceTree = "<group>"; };
		4FA523DE21B4263800BE1FF2 /* Macro Definition.swift */ = {isa = PBXFileReference; lastKnownFileType = sourcecode.swift; path = "Macro Definition.swift"; sourceTree = "<group>"; };
		4FA523E221B4278E00BE1FF2 /* Value Directive.swift */ = {isa = PBXFileReference; lastKnownFileType = sourcecode.swift; path = "Value Directive.swift"; sourceTree = "<group>"; };
		4FA523E421B4279700BE1FF2 /* Fail Directive.swift */ = {isa = PBXFileReference; lastKnownFileType = sourcecode.swift; path = "Fail Directive.swift"; sourceTree = "<group>"; };
		4FA523E621B427B000BE1FF2 /* Preprocessor.swift */ = {isa = PBXFileReference; lastKnownFileType = sourcecode.swift; path = Preprocessor.swift; sourceTree = "<group>"; };
		4FA523E821B4298200BE1FF2 /* Assignment Directive.swift */ = {isa = PBXFileReference; lastKnownFileType = sourcecode.swift; path = "Assignment Directive.swift"; sourceTree = "<group>"; };
		4FA523EA21B4299800BE1FF2 /* Invocation Directive.swift */ = {isa = PBXFileReference; lastKnownFileType = sourcecode.swift; path = "Invocation Directive.swift"; sourceTree = "<group>"; };
		4FA523EC21B429A600BE1FF2 /* Null Directive.swift */ = {isa = PBXFileReference; lastKnownFileType = sourcecode.swift; path = "Null Directive.swift"; sourceTree = "<group>"; };
		4FA523EE21B429B700BE1FF2 /* Conditional Jump Directive.swift */ = {isa = PBXFileReference; lastKnownFileType = sourcecode.swift; path = "Conditional Jump Directive.swift"; sourceTree = "<group>"; };
		4FA523F021B42CF200BE1FF2 /* Comparison Directive.swift */ = {isa = PBXFileReference; lastKnownFileType = sourcecode.swift; path = "Comparison Directive.swift"; sourceTree = "<group>"; };
		4FA5A4E621AB210000799084 /* Timeline.swift */ = {isa = PBXFileReference; lastKnownFileType = sourcecode.swift; path = Timeline.swift; sourceTree = "<group>"; };
		4FA7EB9721A0493C00C52F98 /* Word.swift */ = {isa = PBXFileReference; lastKnownFileType = sourcecode.swift; path = Word.swift; sourceTree = "<group>"; };
		4FA7EB9921A0682100C52F98 /* Jump Command.swift */ = {isa = PBXFileReference; lastKnownFileType = sourcecode.swift; path = "Jump Command.swift"; sourceTree = "<group>"; };
		4FA7EB9B21A0691800C52F98 /* Conditional Jump Command.swift */ = {isa = PBXFileReference; lastKnownFileType = sourcecode.swift; path = "Conditional Jump Command.swift"; sourceTree = "<group>"; };
		4FA7EB9F21A06B0D00C52F98 /* Halt Command.swift */ = {isa = PBXFileReference; lastKnownFileType = sourcecode.swift; path = "Halt Command.swift"; sourceTree = "<group>"; };
		4FA7EBA121A06B8400C52F98 /* Compare Command.swift */ = {isa = PBXFileReference; lastKnownFileType = sourcecode.swift; path = "Compare Command.swift"; sourceTree = "<group>"; };
		4FA7EBA321A06C4C00C52F98 /* Condition State.swift */ = {isa = PBXFileReference; lastKnownFileType = sourcecode.swift; path = "Condition State.swift"; sourceTree = "<group>"; };
		4FA7EBA721A0895E00C52F98 /* Program.swift */ = {isa = PBXFileReference; lastKnownFileType = sourcecode.swift; path = Program.swift; sourceTree = "<group>"; };
		4FA7EBA921A0A55800C52F98 /* Read Command.swift */ = {isa = PBXFileReference; lastKnownFileType = sourcecode.swift; path = "Read Command.swift"; sourceTree = "<group>"; };
		4FD3AC0F254C75D800F17679 /* Unrecognised Lexeme.swift */ = {isa = PBXFileReference; lastKnownFileType = sourcecode.swift; path = "Unrecognised Lexeme.swift"; sourceTree = "<group>"; };
		4FD3AC12254C781E00F17679 /* Comment Lexeme.swift */ = {isa = PBXFileReference; lastKnownFileType = sourcecode.swift; path = "Comment Lexeme.swift"; sourceTree = "<group>"; };
		4FD3AC16254C7C1E00F17679 /* Statement Terminator Lexeme.swift */ = {isa = PBXFileReference; lastKnownFileType = sourcecode.swift; path = "Statement Terminator Lexeme.swift"; sourceTree = "<group>"; };
		4FFD1A5E21BEA27E00D51B49 /* Macro Expansion.swift */ = {isa = PBXFileReference; lastKnownFileType = sourcecode.swift; path = "Macro Expansion.swift"; sourceTree = "<group>"; };
		4FFEB7D3219C6C480049D0A5 /* Nullary Command.swift */ = {isa = PBXFileReference; lastKnownFileType = sourcecode.swift; path = "Nullary Command.swift"; sourceTree = "<group>"; };
		4FFEB7D5219C6ED50049D0A5 /* Unary Register Command.swift */ = {isa = PBXFileReference; lastKnownFileType = sourcecode.swift; path = "Unary Register Command.swift"; sourceTree = "<group>"; };
		4FFEB7D7219C6EDD0049D0A5 /* Binary Register Command.swift */ = {isa = PBXFileReference; lastKnownFileType = sourcecode.swift; path = "Binary Register Command.swift"; sourceTree = "<group>"; };
		4FFEB7D9219C6EE90049D0A5 /* Address Command.swift */ = {isa = PBXFileReference; lastKnownFileType = sourcecode.swift; path = "Address Command.swift"; sourceTree = "<group>"; };
		4FFEB7DB219C6EF90049D0A5 /* Register Address Command.swift */ = {isa = PBXFileReference; lastKnownFileType = sourcecode.swift; path = "Register Address Command.swift"; sourceTree = "<group>"; };
		4FFEB7DD219C6F060049D0A5 /* Condition Address Command.swift */ = {isa = PBXFileReference; lastKnownFileType = sourcecode.swift; path = "Condition Address Command.swift"; sourceTree = "<group>"; };
		4FFEB7E0219C73650049D0A5 /* Register.swift */ = {isa = PBXFileReference; lastKnownFileType = sourcecode.swift; path = Register.swift; sourceTree = "<group>"; };
		4FFEB7E2219C75140049D0A5 /* Store Command.swift */ = {isa = PBXFileReference; lastKnownFileType = sourcecode.swift; path = "Store Command.swift"; sourceTree = "<group>"; };
		4FFEB7E4219C75DB0049D0A5 /* Arithmetic Command.swift */ = {isa = PBXFileReference; lastKnownFileType = sourcecode.swift; path = "Arithmetic Command.swift"; sourceTree = "<group>"; };
/* End PBXFileReference section */

/* Begin PBXFrameworksBuildPhase section */
		4F346B6B2199DBE700D6D8AD /* Frameworks */ = {
			isa = PBXFrameworksBuildPhase;
			buildActionMask = 2147483647;
			files = (
				4F8D1B2C251260A8002E2BE9 /* DepthKit in Frameworks */,
			);
			runOnlyForDeploymentPostprocessing = 0;
		};
/* End PBXFrameworksBuildPhase section */

/* Begin PBXGroup section */
		4F0BFEDF25128E1D00ECC4D2 /* Machine */ = {
			isa = PBXGroup;
			children = (
				4F44C7F1219A4426003798AF /* Machine.swift */,
				4F0BFEE025128E3F00ECC4D2 /* Memory.swift */,
			);
			path = Machine;
			sourceTree = "<group>";
		};
		4F0DA00D2513899300311BD2 /* Utility Views */ = {
			isa = PBXGroup;
			children = (
				4F0DA00E251389A600311BD2 /* Split View.swift */,
			);
			path = "Utility Views";
			sourceTree = "<group>";
		};
		4F346B652199DBE700D6D8AD = {
			isa = PBXGroup;
			children = (
				4F3E790A219A1FA4008E3E9B /* Model */,
				4F3E7909219A1B46008E3E9B /* View */,
				4F346B702199DBE700D6D8AD /* Support */,
				4F346B6F2199DBE700D6D8AD /* Products */,
			);
			sourceTree = "<group>";
		};
		4F346B6F2199DBE700D6D8AD /* Products */ = {
			isa = PBXGroup;
			children = (
				4F346B6E2199DBE700D6D8AD /* DRAMA.app */,
			);
			name = Products;
			sourceTree = "<group>";
		};
		4F346B702199DBE700D6D8AD /* Support */ = {
			isa = PBXGroup;
			children = (
				4F346B812199DBEA00D6D8AD /* DRAMASimulator.plist */,
				4F4E40EE252611AA0017F0E2 /* DRAMASimulator.entitlements */,
				4F346B7C2199DBEA00D6D8AD /* Assets.xcassets */,
				4F346B7E2199DBEA00D6D8AD /* Launch.storyboard */,
				4F960D492513D4800097B863 /* TODO.swift */,
			);
			path = Support;
			sourceTree = "<group>";
		};
		4F35A3C921A0D39A00A4610D /* Word */ = {
			isa = PBXGroup;
			children = (
				4FA7EB9721A0493C00C52F98 /* Word.swift */,
				4F44C7F3219A4BBE003798AF /* Machine Word.swift */,
				4F35A3CD21A0D6EA00A4610D /* Command Word.swift */,
				4F44C7F5219A4C40003798AF /* Address Word.swift */,
			);
			path = Word;
			sourceTree = "<group>";
		};
		4F3E7909219A1B46008E3E9B /* View */ = {
			isa = PBXGroup;
			children = (
				4F8D1B2E251260B3002E2BE9 /* Application.swift */,
				4F8D1B3F2512715F002E2BE9 /* Document View.swift */,
				4F8D1B4425127CD0002E2BE9 /* Machine View.swift */,
				4F8D1B3D2512714D002E2BE9 /* Script Editor */,
				4F0DA00D2513899300311BD2 /* Utility Views */,
				4F346B792199DBE700D6D8AD /* DRAMASimulator.storyboard */,
			);
			path = View;
			sourceTree = "<group>";
		};
		4F3E790A219A1FA4008E3E9B /* Model */ = {
			isa = PBXGroup;
			children = (
				4F346B772199DBE700D6D8AD /* Document.swift */,
				4FA5A4E621AB210000799084 /* Timeline.swift */,
				4F58696D254EF6B40074B561 /* Script.swift */,
				4F989D2D254A3C08009F42E7 /* Source Unit */,
				4FA523DB21B423C900BE1FF2 /* Translation Unit */,
				4F6BAE4F21B6CD9200A952BB /* Compilation Unit */,
				4F67666325571E70008E66BF /* Parser */,
				4F820F2E219AFF71004EE2C9 /* Command */,
				4FA7EBA721A0895E00C52F98 /* Program.swift */,
				4F0BFEDF25128E1D00ECC4D2 /* Machine */,
				4FFEB7E0219C73650049D0A5 /* Register.swift */,
				4F35A3C921A0D39A00A4610D /* Word */,
				4F3E790B219A1FBE008E3E9B /* Instruction.swift */,
				4F3E790F219A2221008E3E9B /* Addressing Mode.swift */,
				4F3E7913219A2324008E3E9B /* Value Operand.swift */,
				4F3E7915219A25B7008E3E9B /* Condition.swift */,
				4FA7EBA321A06C4C00C52F98 /* Condition State.swift */,
				4F166ED921B983D7001A8749 /* Source Range.swift */,
			);
			path = Model;
			sourceTree = "<group>";
		};
		4F67666325571E70008E66BF /* Parser */ = {
			isa = PBXGroup;
			children = (
				4F989D2A254A3C05009F42E7 /* Parser.swift */,
				4F87EF8B254DB22C00B3D9A7 /* Construct.swift */,
			);
			path = Parser;
			sourceTree = "<group>";
		};
		4F6BAE4F21B6CD9200A952BB /* Compilation Unit */ = {
			isa = PBXGroup;
			children = (
				4F87EFA7254E033500B3D9A7 /* Compilation Unit.swift */,
				4F053099254C9A7000DDDCB7 /* Statement.swift */,
				4F87EF92254DE32900B3D9A7 /* Command Statement.swift */,
				4F87EF95254DE3F600B3D9A7 /* Command Statement Argument.swift */,
				4F87EFA1254E001B00B3D9A7 /* Value Statement.swift */,
				4F87EFA4254E020E00B3D9A7 /* Allocation Statement.swift */,
				4F87EFAA254E045100B3D9A7 /* Label Construct.swift */,
				4F391DF7254A4D7B00945B7E /* Arithmetic Operator.swift */,
			);
			path = "Compilation Unit";
			sourceTree = "<group>";
		};
		4F6BAE6421B6F4C300A952BB /* Protocols */ = {
			isa = PBXGroup;
			children = (
				4F820F2F219B06AB004EE2C9 /* Command.swift */,
				4FFEB7D3219C6C480049D0A5 /* Nullary Command.swift */,
				4FFEB7D5219C6ED50049D0A5 /* Unary Register Command.swift */,
				4FFEB7D7219C6EDD0049D0A5 /* Binary Register Command.swift */,
				4FFEB7D9219C6EE90049D0A5 /* Address Command.swift */,
				4FFEB7DB219C6EF90049D0A5 /* Register Address Command.swift */,
				4FFEB7DD219C6F060049D0A5 /* Condition Address Command.swift */,
			);
			path = Protocols;
			sourceTree = "<group>";
		};
		4F820F2E219AFF71004EE2C9 /* Command */ = {
			isa = PBXGroup;
			children = (
				4F6BAE6421B6F4C300A952BB /* Protocols */,
				4F820F33219B1614004EE2C9 /* Load Command.swift */,
				4FFEB7E2219C75140049D0A5 /* Store Command.swift */,
				4FFEB7E4219C75DB0049D0A5 /* Arithmetic Command.swift */,
				4FA7EBA121A06B8400C52F98 /* Compare Command.swift */,
				4FA7EB9921A0682100C52F98 /* Jump Command.swift */,
				4FA7EB9B21A0691800C52F98 /* Conditional Jump Command.swift */,
				4FA7EBA921A0A55800C52F98 /* Read Command.swift */,
				4F4FA73E21A5AD6800C1D2C7 /* Print Command.swift */,
				4F4FA73C21A5AB5C00C1D2C7 /* Stack Command.swift */,
				4F63EC6421B3057800F00E9B /* Subroutine Jump Command.swift */,
				4F63EC6621B3058000F00E9B /* Subroutine Return Command.swift */,
				4FA7EB9F21A06B0D00C52F98 /* Halt Command.swift */,
			);
			path = Command;
			sourceTree = "<group>";
		};
		4F8D1B3D2512714D002E2BE9 /* Script Editor */ = {
			isa = PBXGroup;
			children = (
				4F8D1B3825126700002E2BE9 /* Script Editor.swift */,
				4F139C0121A3104100F817A6 /* Script Editing Controller.swift */,
			);
			path = "Script Editor";
			sourceTree = "<group>";
		};
		4F989D2D254A3C08009F42E7 /* Source Unit */ = {
			isa = PBXGroup;
			children = (
				4F3FFA762556FA3E00AF1DB9 /* Source Unit.swift */,
				4F5C7841254A3AB200A9961B /* Lexer.swift */,
				4F391DDE254A3D3000945B7E /* Lexeme.swift */,
				4F391DE1254A406100945B7E /* Register Lexeme.swift */,
				4F87EF88254DAFFA00B3D9A7 /* Condition Lexeme.swift */,
				4F391DEA254A4B2F00945B7E /* Literal Lexeme.swift */,
				4F391DE4254A46F700945B7E /* Identifier Lexeme.swift */,
				4F391DE7254A4A7000945B7E /* Addressing Mode Lexeme.swift */,
				4F87EF85254DAFA300B3D9A7 /* Argument Separator Lexeme.swift */,
				4FD3AC16254C7C1E00F17679 /* Statement Terminator Lexeme.swift */,
				4F05309D254C9E5800DDDCB7 /* Program Terminator Lexeme.swift */,
				4F391DF0254A4C2E00945B7E /* Label Marker Lexeme.swift */,
				4F391DFA254A4ECC00945B7E /* Arithmetic Operator Lexeme.swift */,
				4F391DF4254A4CAF00945B7E /* Index Register Scope Lexeme.swift */,
				4FD3AC12254C781E00F17679 /* Comment Lexeme.swift */,
				4F7E75B52557622300030809 /* Preprocessor Variable Access Lexeme.swift */,
				4F7E75B92557624F00030809 /* Preprocessor Label Lexeme.swift */,
				4FD3AC0F254C75D800F17679 /* Unrecognised Lexeme.swift */,
			);
			path = "Source Unit";
			sourceTree = "<group>";
		};
		4FA523DB21B423C900BE1FF2 /* Translation Unit */ = {
			isa = PBXGroup;
			children = (
				4F2DBCE6255071D200C9A2E4 /* Translation Unit.swift */,
				4FA523E621B427B000BE1FF2 /* Preprocessor.swift */,
				4FA523DC21B423DD00BE1FF2 /* Directive.swift */,
				4FA523E221B4278E00BE1FF2 /* Value Directive.swift */,
				4FA523DE21B4263800BE1FF2 /* Macro Definition.swift */,
				4FA523E821B4298200BE1FF2 /* Assignment Directive.swift */,
				4FA523F021B42CF200BE1FF2 /* Comparison Directive.swift */,
				4FA523EE21B429B700BE1FF2 /* Conditional Jump Directive.swift */,
				4F7E75AE25575F6200030809 /* Unconditional Jump Directive.swift */,
				4FA523EA21B4299800BE1FF2 /* Invocation Directive.swift */,
				4FA523E421B4279700BE1FF2 /* Fail Directive.swift */,
				4FA523EC21B429A600BE1FF2 /* Null Directive.swift */,
				4FFD1A5E21BEA27E00D51B49 /* Macro Expansion.swift */,
			);
			path = "Translation Unit";
			sourceTree = "<group>";
		};
/* End PBXGroup section */

/* Begin PBXNativeTarget section */
		4F346B6D2199DBE700D6D8AD /* DRAMASimulator */ = {
			isa = PBXNativeTarget;
			buildConfigurationList = 4F346B842199DBEA00D6D8AD /* Build configuration list for PBXNativeTarget "DRAMASimulator" */;
			buildPhases = (
				4F346B6A2199DBE700D6D8AD /* Sources */,
				4F346B6B2199DBE700D6D8AD /* Frameworks */,
				4F346B6C2199DBE700D6D8AD /* Resources */,
			);
			buildRules = (
			);
			dependencies = (
			);
			name = DRAMASimulator;
			packageProductDependencies = (
				4F8D1B2B251260A8002E2BE9 /* DepthKit */,
			);
			productName = DRAMASimulator;
			productReference = 4F346B6E2199DBE700D6D8AD /* DRAMA.app */;
			productType = "com.apple.product-type.application";
		};
/* End PBXNativeTarget section */

/* Begin PBXProject section */
		4F346B662199DBE700D6D8AD /* Project object */ = {
			isa = PBXProject;
			attributes = {
				LastSwiftUpdateCheck = 1010;
				LastUpgradeCheck = 1200;
				ORGANIZATIONNAME = "Constantino Tsarouhas";
				TargetAttributes = {
					4F346B6D2199DBE700D6D8AD = {
						CreatedOnToolsVersion = 10.1;
						LastSwiftMigration = 1130;
					};
				};
			};
			buildConfigurationList = 4F346B692199DBE700D6D8AD /* Build configuration list for PBXProject "DRAMASimulator" */;
			compatibilityVersion = "Xcode 10.0";
			developmentRegion = en;
			hasScannedForEncodings = 0;
			knownRegions = (
				en,
				Base,
			);
			mainGroup = 4F346B652199DBE700D6D8AD;
			packageReferences = (
				4F8D1B2A251260A8002E2BE9 /* XCRemoteSwiftPackageReference "DepthKit" */,
			);
			productRefGroup = 4F346B6F2199DBE700D6D8AD /* Products */;
			projectDirPath = "";
			projectRoot = "";
			targets = (
				4F346B6D2199DBE700D6D8AD /* DRAMASimulator */,
			);
		};
/* End PBXProject section */

/* Begin PBXResourcesBuildPhase section */
		4F346B6C2199DBE700D6D8AD /* Resources */ = {
			isa = PBXResourcesBuildPhase;
			buildActionMask = 2147483647;
			files = (
				4F346B802199DBEA00D6D8AD /* Launch.storyboard in Resources */,
				4F346B7D2199DBEA00D6D8AD /* Assets.xcassets in Resources */,
				4F346B7B2199DBE700D6D8AD /* DRAMASimulator.storyboard in Resources */,
			);
			runOnlyForDeploymentPostprocessing = 0;
		};
/* End PBXResourcesBuildPhase section */

/* Begin PBXSourcesBuildPhase section */
		4F346B6A2199DBE700D6D8AD /* Sources */ = {
			isa = PBXSourcesBuildPhase;
			buildActionMask = 2147483647;
			files = (
				4FFEB7E3219C75140049D0A5 /* Store Command.swift in Sources */,
				4F4FA73D21A5AB5C00C1D2C7 /* Stack Command.swift in Sources */,
				4F87EF86254DAFA300B3D9A7 /* Argument Separator Lexeme.swift in Sources */,
				4F44C7F4219A4BBE003798AF /* Machine Word.swift in Sources */,
				4F8D1B402512715F002E2BE9 /* Document View.swift in Sources */,
				4F346B782199DBE700D6D8AD /* Document.swift in Sources */,
				4F87EF8C254DB22C00B3D9A7 /* Construct.swift in Sources */,
				4F391DE8254A4A7000945B7E /* Addressing Mode Lexeme.swift in Sources */,
				4FFEB7D8219C6EDD0049D0A5 /* Binary Register Command.swift in Sources */,
				4FA7EB9821A0493C00C52F98 /* Word.swift in Sources */,
				4FA7EBA221A06B8400C52F98 /* Compare Command.swift in Sources */,
				4FFD1A5F21BEA27E00D51B49 /* Macro Expansion.swift in Sources */,
				4FA7EBAA21A0A55800C52F98 /* Read Command.swift in Sources */,
				4FA523E921B4298200BE1FF2 /* Assignment Directive.swift in Sources */,
				4F7E75B62557622300030809 /* Preprocessor Variable Access Lexeme.swift in Sources */,
				4F391DFB254A4ECC00945B7E /* Arithmetic Operator Lexeme.swift in Sources */,
				4FA7EB9A21A0682100C52F98 /* Jump Command.swift in Sources */,
				4F2DBCE7255071D200C9A2E4 /* Translation Unit.swift in Sources */,
				4F8D1B2F251260B3002E2BE9 /* Application.swift in Sources */,
				4F87EF96254DE3F600B3D9A7 /* Command Statement Argument.swift in Sources */,
				4F63EC6721B3058000F00E9B /* Subroutine Return Command.swift in Sources */,
				4F44C7F2219A4426003798AF /* Machine.swift in Sources */,
				4F87EF89254DAFFA00B3D9A7 /* Condition Lexeme.swift in Sources */,
				4FA523EF21B429B700BE1FF2 /* Conditional Jump Directive.swift in Sources */,
				4F820F30219B06AB004EE2C9 /* Command.swift in Sources */,
				4F87EFAB254E045100B3D9A7 /* Label Construct.swift in Sources */,
				4FA523E321B4278E00BE1FF2 /* Value Directive.swift in Sources */,
				4F8D1B3925126700002E2BE9 /* Script Editor.swift in Sources */,
				4FD3AC10254C75D800F17679 /* Unrecognised Lexeme.swift in Sources */,
				4F05309E254C9E5800DDDCB7 /* Program Terminator Lexeme.swift in Sources */,
				4FA523E721B427B000BE1FF2 /* Preprocessor.swift in Sources */,
				4F5C7842254A3AB200A9961B /* Lexer.swift in Sources */,
				4F58697E254F2C800074B561 /* Value Operand.swift in Sources */,
				4F391DF5254A4CAF00945B7E /* Index Register Scope Lexeme.swift in Sources */,
				4FFEB7E1219C73650049D0A5 /* Register.swift in Sources */,
				4FA523ED21B429A600BE1FF2 /* Null Directive.swift in Sources */,
				4FA7EBA421A06C4C00C52F98 /* Condition State.swift in Sources */,
				4FA523EB21B4299800BE1FF2 /* Invocation Directive.swift in Sources */,
				4FA7EB9C21A0691800C52F98 /* Conditional Jump Command.swift in Sources */,
				4FFEB7D4219C6C480049D0A5 /* Nullary Command.swift in Sources */,
				4F87EFA5254E020E00B3D9A7 /* Allocation Statement.swift in Sources */,
				4FD3AC13254C781E00F17679 /* Comment Lexeme.swift in Sources */,
				4F3E7910219A2221008E3E9B /* Addressing Mode.swift in Sources */,
				4F391DE2254A406100945B7E /* Register Lexeme.swift in Sources */,
				4FFEB7DC219C6EF90049D0A5 /* Register Address Command.swift in Sources */,
				4F87EFA2254E001B00B3D9A7 /* Value Statement.swift in Sources */,
				4F3E7916219A25B7008E3E9B /* Condition.swift in Sources */,
				4F820F35219B1CD6004EE2C9 /* Instruction.swift in Sources */,
				4F166EDA21B983D7001A8749 /* Source Range.swift in Sources */,
				4F7E75BA2557624F00030809 /* Preprocessor Label Lexeme.swift in Sources */,
				4F989D2B254A3C05009F42E7 /* Parser.swift in Sources */,
				4FA7EBA021A06B0D00C52F98 /* Halt Command.swift in Sources */,
				4F4FA73F21A5AD6800C1D2C7 /* Print Command.swift in Sources */,
				4FFEB7DA219C6EE90049D0A5 /* Address Command.swift in Sources */,
				4F0DA00F251389A600311BD2 /* Split View.swift in Sources */,
				4FA523E521B4279700BE1FF2 /* Fail Directive.swift in Sources */,
				4F8D1B4525127CD0002E2BE9 /* Machine View.swift in Sources */,
				4F35A3CE21A0D6EA00A4610D /* Command Word.swift in Sources */,
				4F960D4A2513D4800097B863 /* TODO.swift in Sources */,
				4F87EF93254DE32900B3D9A7 /* Command Statement.swift in Sources */,
				4FFEB7D6219C6ED50049D0A5 /* Unary Register Command.swift in Sources */,
				4F7E75AF25575F6200030809 /* Unconditional Jump Directive.swift in Sources */,
				4F391DEB254A4B2F00945B7E /* Literal Lexeme.swift in Sources */,
				4FA523DD21B423DD00BE1FF2 /* Directive.swift in Sources */,
				4F87EFA8254E033500B3D9A7 /* Compilation Unit.swift in Sources */,
				4FFEB7E5219C75DB0049D0A5 /* Arithmetic Command.swift in Sources */,
				4FA523DF21B4263800BE1FF2 /* Macro Definition.swift in Sources */,
				4F0BFEE125128E3F00ECC4D2 /* Memory.swift in Sources */,
				4F391DDF254A3D3000945B7E /* Lexeme.swift in Sources */,
				4F3FFA772556FA3E00AF1DB9 /* Source Unit.swift in Sources */,
				4FA5A4E721AB210000799084 /* Timeline.swift in Sources */,
				4FFEB7DE219C6F060049D0A5 /* Condition Address Command.swift in Sources */,
				4FFEB7DF219C72D50049D0A5 /* Load Command.swift in Sources */,
				4F391DF8254A4D7B00945B7E /* Arithmetic Operator.swift in Sources */,
				4F63EC6521B3057800F00E9B /* Subroutine Jump Command.swift in Sources */,
				4FA7EBA821A0895E00C52F98 /* Program.swift in Sources */,
				4FD3AC17254C7C1E00F17679 /* Statement Terminator Lexeme.swift in Sources */,
				4F44C7F6219A4C40003798AF /* Address Word.swift in Sources */,
				4F391DE5254A46F700945B7E /* Identifier Lexeme.swift in Sources */,
				4F391DF1254A4C2E00945B7E /* Label Marker Lexeme.swift in Sources */,
				4F139C0221A3104100F817A6 /* Script Editing Controller.swift in Sources */,
				4F05309A254C9A7000DDDCB7 /* Statement.swift in Sources */,
				4F58696E254EF6B40074B561 /* Script.swift in Sources */,
				4FA523F121B42CF200BE1FF2 /* Comparison Directive.swift in Sources */,
			);
			runOnlyForDeploymentPostprocessing = 0;
		};
/* End PBXSourcesBuildPhase section */

/* Begin PBXVariantGroup section */
		4F346B792199DBE700D6D8AD /* DRAMASimulator.storyboard */ = {
			isa = PBXVariantGroup;
			children = (
				4F346B7A2199DBE700D6D8AD /* Base */,
			);
			name = DRAMASimulator.storyboard;
			sourceTree = "<group>";
		};
		4F346B7E2199DBEA00D6D8AD /* Launch.storyboard */ = {
			isa = PBXVariantGroup;
			children = (
				4F346B7F2199DBEA00D6D8AD /* Base */,
			);
			name = Launch.storyboard;
			sourceTree = "<group>";
		};
/* End PBXVariantGroup section */

/* Begin XCBuildConfiguration section */
		4F346B822199DBEA00D6D8AD /* Debug */ = {
			isa = XCBuildConfiguration;
			buildSettings = {
				ALWAYS_SEARCH_USER_PATHS = NO;
				ASSETCATALOG_COMPILER_GLOBAL_ACCENT_COLOR_NAME = Accent;
				CLANG_ANALYZER_NONNULL = YES;
				CLANG_ANALYZER_NUMBER_OBJECT_CONVERSION = YES_AGGRESSIVE;
				CLANG_ENABLE_MODULES = YES;
				CLANG_ENABLE_OBJC_ARC = YES;
				CLANG_ENABLE_OBJC_WEAK = YES;
				CLANG_WARN_BLOCK_CAPTURE_AUTORELEASING = YES;
				CLANG_WARN_BOOL_CONVERSION = YES;
				CLANG_WARN_COMMA = YES;
				CLANG_WARN_CONSTANT_CONVERSION = YES;
				CLANG_WARN_DEPRECATED_OBJC_IMPLEMENTATIONS = YES;
				CLANG_WARN_DIRECT_OBJC_ISA_USAGE = YES_ERROR;
				CLANG_WARN_DOCUMENTATION_COMMENTS = YES;
				CLANG_WARN_EMPTY_BODY = YES;
				CLANG_WARN_ENUM_CONVERSION = YES;
				CLANG_WARN_INFINITE_RECURSION = YES;
				CLANG_WARN_INT_CONVERSION = YES;
				CLANG_WARN_NON_LITERAL_NULL_CONVERSION = YES;
				CLANG_WARN_OBJC_IMPLICIT_RETAIN_SELF = YES;
				CLANG_WARN_OBJC_LITERAL_CONVERSION = YES;
				CLANG_WARN_OBJC_ROOT_CLASS = YES_ERROR;
				CLANG_WARN_QUOTED_INCLUDE_IN_FRAMEWORK_HEADER = YES;
				CLANG_WARN_RANGE_LOOP_ANALYSIS = YES;
				CLANG_WARN_STRICT_PROTOTYPES = YES;
				CLANG_WARN_SUSPICIOUS_MOVE = YES;
				CLANG_WARN_UNGUARDED_AVAILABILITY = YES_AGGRESSIVE;
				CLANG_WARN_UNREACHABLE_CODE = YES;
				CLANG_WARN__DUPLICATE_METHOD_MATCH = YES;
				CODE_SIGN_ENTITLEMENTS = "Support/$(TARGET_NAME).entitlements";
				CODE_SIGN_IDENTITY = "iPhone Developer";
				COPY_PHASE_STRIP = NO;
				DEBUG_INFORMATION_FORMAT = dwarf;
				DEVELOPMENT_TEAM = 269VM979Q2;
				ENABLE_STRICT_OBJC_MSGSEND = YES;
				ENABLE_TESTABILITY = YES;
				GCC_NO_COMMON_BLOCKS = YES;
				GCC_OPTIMIZATION_LEVEL = 0;
				GCC_PREPROCESSOR_DEFINITIONS = (
					"DEBUG=1",
					"$(inherited)",
				);
				GCC_WARN_64_TO_32_BIT_CONVERSION = YES;
				GCC_WARN_ABOUT_RETURN_TYPE = YES_ERROR;
				GCC_WARN_UNDECLARED_SELECTOR = YES;
				GCC_WARN_UNINITIALIZED_AUTOS = YES_AGGRESSIVE;
				GCC_WARN_UNUSED_FUNCTION = YES;
				GCC_WARN_UNUSED_VARIABLE = YES;
				INFOPLIST_FILE = "Support/$(TARGET_NAME).plist";
				IPHONEOS_DEPLOYMENT_TARGET = 15.0;
				MTL_ENABLE_DEBUG_INFO = INCLUDE_SOURCE;
				MTL_FAST_MATH = YES;
				ONLY_ACTIVE_ARCH = YES;
				PRODUCT_BUNDLE_IDENTIFIER = "eu.tsarouhas.$(TARGET_NAME)";
				PRODUCT_NAME = DRAMA;
				SDKROOT = iphoneos;
				SWIFT_ACTIVE_COMPILATION_CONDITIONS = DEBUG;
				SWIFT_OPTIMIZATION_LEVEL = "-Onone";
				SWIFT_VERSION = 5.0;
				TARGETED_DEVICE_FAMILY = "1,2,6";
			};
			name = Debug;
		};
		4F346B832199DBEA00D6D8AD /* Release */ = {
			isa = XCBuildConfiguration;
			buildSettings = {
				ALWAYS_SEARCH_USER_PATHS = NO;
				ASSETCATALOG_COMPILER_GLOBAL_ACCENT_COLOR_NAME = Accent;
				CLANG_ANALYZER_NONNULL = YES;
				CLANG_ANALYZER_NUMBER_OBJECT_CONVERSION = YES_AGGRESSIVE;
				CLANG_ENABLE_MODULES = YES;
				CLANG_ENABLE_OBJC_ARC = YES;
				CLANG_ENABLE_OBJC_WEAK = YES;
				CLANG_WARN_BLOCK_CAPTURE_AUTORELEASING = YES;
				CLANG_WARN_BOOL_CONVERSION = YES;
				CLANG_WARN_COMMA = YES;
				CLANG_WARN_CONSTANT_CONVERSION = YES;
				CLANG_WARN_DEPRECATED_OBJC_IMPLEMENTATIONS = YES;
				CLANG_WARN_DIRECT_OBJC_ISA_USAGE = YES_ERROR;
				CLANG_WARN_DOCUMENTATION_COMMENTS = YES;
				CLANG_WARN_EMPTY_BODY = YES;
				CLANG_WARN_ENUM_CONVERSION = YES;
				CLANG_WARN_INFINITE_RECURSION = YES;
				CLANG_WARN_INT_CONVERSION = YES;
				CLANG_WARN_NON_LITERAL_NULL_CONVERSION = YES;
				CLANG_WARN_OBJC_IMPLICIT_RETAIN_SELF = YES;
				CLANG_WARN_OBJC_LITERAL_CONVERSION = YES;
				CLANG_WARN_OBJC_ROOT_CLASS = YES_ERROR;
				CLANG_WARN_QUOTED_INCLUDE_IN_FRAMEWORK_HEADER = YES;
				CLANG_WARN_RANGE_LOOP_ANALYSIS = YES;
				CLANG_WARN_STRICT_PROTOTYPES = YES;
				CLANG_WARN_SUSPICIOUS_MOVE = YES;
				CLANG_WARN_UNGUARDED_AVAILABILITY = YES_AGGRESSIVE;
				CLANG_WARN_UNREACHABLE_CODE = YES;
				CLANG_WARN__DUPLICATE_METHOD_MATCH = YES;
				CODE_SIGN_ENTITLEMENTS = "Support/$(TARGET_NAME).entitlements";
				CODE_SIGN_IDENTITY = "iPhone Developer";
				COPY_PHASE_STRIP = NO;
				DEBUG_INFORMATION_FORMAT = "dwarf-with-dsym";
				DEVELOPMENT_TEAM = 269VM979Q2;
				ENABLE_NS_ASSERTIONS = NO;
				ENABLE_STRICT_OBJC_MSGSEND = YES;
				GCC_NO_COMMON_BLOCKS = YES;
				GCC_WARN_64_TO_32_BIT_CONVERSION = YES;
				GCC_WARN_ABOUT_RETURN_TYPE = YES_ERROR;
				GCC_WARN_UNDECLARED_SELECTOR = YES;
				GCC_WARN_UNINITIALIZED_AUTOS = YES_AGGRESSIVE;
				GCC_WARN_UNUSED_FUNCTION = YES;
				GCC_WARN_UNUSED_VARIABLE = YES;
				INFOPLIST_FILE = "Support/$(TARGET_NAME).plist";
				IPHONEOS_DEPLOYMENT_TARGET = 15.0;
				MTL_ENABLE_DEBUG_INFO = NO;
				MTL_FAST_MATH = YES;
				PRODUCT_BUNDLE_IDENTIFIER = "eu.tsarouhas.$(TARGET_NAME)";
				PRODUCT_NAME = DRAMA;
				SDKROOT = iphoneos;
				SWIFT_COMPILATION_MODE = wholemodule;
				SWIFT_OPTIMIZATION_LEVEL = "-O";
				SWIFT_VERSION = 5.0;
				TARGETED_DEVICE_FAMILY = "1,2,6";
				VALIDATE_PRODUCT = YES;
			};
			name = Release;
		};
		4F346B852199DBEA00D6D8AD /* Debug */ = {
			isa = XCBuildConfiguration;
			buildSettings = {
				ASSETCATALOG_COMPILER_APPICON_NAME = AppIcon;
				CURRENT_PROJECT_VERSION = 8;
				LD_RUNPATH_SEARCH_PATHS = (
					"$(inherited)",
					"@executable_path/Frameworks",
				);
				MARKETING_VERSION = 1.2.1;
				SUPPORTS_MACCATALYST = YES;
				SUPPORTS_MAC_DESIGNED_FOR_IPHONE_IPAD = NO;
			};
			name = Debug;
		};
		4F346B862199DBEA00D6D8AD /* Release */ = {
			isa = XCBuildConfiguration;
			buildSettings = {
				ASSETCATALOG_COMPILER_APPICON_NAME = AppIcon;
				CURRENT_PROJECT_VERSION = 8;
				LD_RUNPATH_SEARCH_PATHS = (
					"$(inherited)",
					"@executable_path/Frameworks",
				);
				MARKETING_VERSION = 1.2.1;
				SUPPORTS_MACCATALYST = YES;
				SUPPORTS_MAC_DESIGNED_FOR_IPHONE_IPAD = NO;
			};
			name = Release;
		};
/* End XCBuildConfiguration section */

/* Begin XCConfigurationList section */
		4F346B692199DBE700D6D8AD /* Build configuration list for PBXProject "DRAMASimulator" */ = {
			isa = XCConfigurationList;
			buildConfigurations = (
				4F346B822199DBEA00D6D8AD /* Debug */,
				4F346B832199DBEA00D6D8AD /* Release */,
			);
			defaultConfigurationIsVisible = 0;
			defaultConfigurationName = Release;
		};
		4F346B842199DBEA00D6D8AD /* Build configuration list for PBXNativeTarget "DRAMASimulator" */ = {
			isa = XCConfigurationList;
			buildConfigurations = (
				4F346B852199DBEA00D6D8AD /* Debug */,
				4F346B862199DBEA00D6D8AD /* Release */,
			);
			defaultConfigurationIsVisible = 0;
			defaultConfigurationName = Release;
		};
/* End XCConfigurationList section */

/* Begin XCRemoteSwiftPackageReference section */
		4F8D1B2A251260A8002E2BE9 /* XCRemoteSwiftPackageReference "DepthKit" */ = {
			isa = XCRemoteSwiftPackageReference;
			repositoryURL = "https://github.com/ctxppc/DepthKit.git";
			requirement = {
				kind = upToNextMajorVersion;
				minimumVersion = 0.9.0;
			};
		};
/* End XCRemoteSwiftPackageReference section */

/* Begin XCSwiftPackageProductDependency section */
		4F8D1B2B251260A8002E2BE9 /* DepthKit */ = {
			isa = XCSwiftPackageProductDependency;
			package = 4F8D1B2A251260A8002E2BE9 /* XCRemoteSwiftPackageReference "DepthKit" */;
			productName = DepthKit;
		};
/* End XCSwiftPackageProductDependency section */
	};
	rootObject = 4F346B662199DBE700D6D8AD /* Project object */;
}
